
Microsoft Visual Studio Solution File, Format Version 12.00
# Visual Studio 15
VisualStudioVersion = 15.0.28010.2016
MinimumVisualStudioVersion = 10.0.40219.1
Project("{8BC9CEB8-8B4A-11D0-8D11-00A0C91BC942}") = "gb3D-Exporter", "ie3D-Exporter.vcxproj", "{E7CB76AA-6113-46BA-8EBC-8AE1D2B81210}"
EndProject
Global
	GlobalSection(SolutionConfigurationPlatforms) = preSolution
		gb3d_animation|Win32 = gb3d_animation|Win32
		gb3d_animation|x64 = gb3d_animation|x64
		gb3d_mesh|Win32 = gb3d_mesh|Win32
		gb3d_mesh|x64 = gb3d_mesh|x64
		gb3d_scene|Win32 = gb3d_scene|Win32
		gb3d_scene|x64 = gb3d_scene|x64
	EndGlobalSection
	GlobalSection(ProjectConfigurationPlatforms) = postSolution
		{E7CB76AA-6113-46BA-8EBC-8AE1D2B81210}.gb3d_animation|Win32.ActiveCfg = gb3d_animation|Win32
		{E7CB76AA-6113-46BA-8EBC-8AE1D2B81210}.gb3d_animation|Win32.Build.0 = gb3d_animation|Win32
		{E7CB76AA-6113-46BA-8EBC-8AE1D2B81210}.gb3d_animation|x64.ActiveCfg = gb3d_animation|x64
		{E7CB76AA-6113-46BA-8EBC-8AE1D2B81210}.gb3d_animation|x64.Build.0 = gb3d_animation|x64
		{E7CB76AA-6113-46BA-8EBC-8AE1D2B81210}.gb3d_mesh|Win32.ActiveCfg = gb3d_mesh|Win32
		{E7CB76AA-6113-46BA-8EBC-8AE1D2B81210}.gb3d_mesh|Win32.Build.0 = gb3d_mesh|Win32
		{E7CB76AA-6113-46BA-8EBC-8AE1D2B81210}.gb3d_mesh|x64.ActiveCfg = gb3d_mesh|x64
		{E7CB76AA-6113-46BA-8EBC-8AE1D2B81210}.gb3d_mesh|x64.Build.0 = gb3d_mesh|x64
		{E7CB76AA-6113-46BA-8EBC-8AE1D2B81210}.gb3d_scene|Win32.ActiveCfg = gb3d_scene|Win32
		{E7CB76AA-6113-46BA-8EBC-8AE1D2B81210}.gb3d_scene|Win32.Build.0 = gb3d_scene|Win32
		{E7CB76AA-6113-46BA-8EBC-8AE1D2B81210}.gb3d_scene|x64.ActiveCfg = gb3d_scene|x64
		{E7CB76AA-6113-46BA-8EBC-8AE1D2B81210}.gb3d_scene|x64.Build.0 = gb3d_scene|x64
	EndGlobalSection
	GlobalSection(SolutionProperties) = preSolution
		HideSolutionNode = FALSE
	EndGlobalSection
	GlobalSection(ExtensibilityGlobals) = postSolution
		SolutionGuid = {D419D7D8-D939-455F-BDA3-A90F2B832026}
	EndGlobalSection
EndGlobal
