// !$*UTF8*$!
{
	archiveVersion = 1;
	classes = {
	};
	objectVersion = 46;
	objects = {

/* Begin PBXBuildFile section */
		210F2A941BC29DAD00B0809F /* ui_graph.cpp in Sources */ = {isa = PBXBuildFile; fileRef = 210F2A921BC29DAD00B0809F /* ui_graph.cpp */; };
		210F2A951BC29DAD00B0809F /* ui_graph.cpp in Sources */ = {isa = PBXBuildFile; fileRef = 210F2A921BC29DAD00B0809F /* ui_graph.cpp */; };
		210F2A981BC29E1400B0809F /* ui_fabricator.cpp in Sources */ = {isa = PBXBuildFile; fileRef = 210F2A961BC29E1400B0809F /* ui_fabricator.cpp */; };
		210F2A991BC29E1400B0809F /* ui_fabricator.cpp in Sources */ = {isa = PBXBuildFile; fileRef = 210F2A961BC29E1400B0809F /* ui_fabricator.cpp */; };
		21E33DE91BB969AA00B540E7 /* control.cpp in Sources */ = {isa = PBXBuildFile; fileRef = 21E33DE71BB969AA00B540E7 /* control.cpp */; };
		21E33DEA1BB969AA00B540E7 /* control.cpp in Sources */ = {isa = PBXBuildFile; fileRef = 21E33DE71BB969AA00B540E7 /* control.cpp */; };
		21E33DEE1BB9708700B540E7 /* dialog.cpp in Sources */ = {isa = PBXBuildFile; fileRef = 21E33DEC1BB9708700B540E7 /* dialog.cpp */; };
		21E33DEF1BB9708700B540E7 /* dialog.cpp in Sources */ = {isa = PBXBuildFile; fileRef = 21E33DEC1BB9708700B540E7 /* dialog.cpp */; };
		21E33E021BB9759000B540E7 /* libgbCore-osx.a in Frameworks */ = {isa = PBXBuildFile; fileRef = 21E33DFB1BB9757900B540E7 /* libgbCore-osx.a */; };
		21E33E031BB9759400B540E7 /* libgbCore-ios.a in Frameworks */ = {isa = PBXBuildFile; fileRef = 21E33DFD1BB9757900B540E7 /* libgbCore-ios.a */; };
		21E33E091BB97C1800B540E7 /* element.cpp in Sources */ = {isa = PBXBuildFile; fileRef = 21E33E071BB97C1800B540E7 /* element.cpp */; };
		21E33E0A1BB97C1800B540E7 /* element.cpp in Sources */ = {isa = PBXBuildFile; fileRef = 21E33E071BB97C1800B540E7 /* element.cpp */; };
/* End PBXBuildFile section */

/* Begin PBXContainerItemProxy section */
		21E33DFA1BB9757900B540E7 /* PBXContainerItemProxy */ = {
			isa = PBXContainerItemProxy;
			containerPortal = 21E33DF51BB9757900B540E7 /* gbCore.xcodeproj */;
			proxyType = 2;
			remoteGlobalIDString = 21B402BD1B7A07E9003382AB;
			remoteInfo = "gbCore-osx";
		};
		21E33DFC1BB9757900B540E7 /* PBXContainerItemProxy */ = {
			isa = PBXContainerItemProxy;
			containerPortal = 21E33DF51BB9757900B540E7 /* gbCore.xcodeproj */;
			proxyType = 2;
			remoteGlobalIDString = 21B4057B1B7A0AFA003382AB;
			remoteInfo = "gbCore-ios";
		};
		21E33DFE1BB9758500B540E7 /* PBXContainerItemProxy */ = {
			isa = PBXContainerItemProxy;
			containerPortal = 21E33DF51BB9757900B540E7 /* gbCore.xcodeproj */;
			proxyType = 1;
			remoteGlobalIDString = 21B405271B7A0AFA003382AB;
			remoteInfo = "gbCore-ios";
		};
		21E33E001BB9758900B540E7 /* PBXContainerItemProxy */ = {
			isa = PBXContainerItemProxy;
			containerPortal = 21E33DF51BB9757900B540E7 /* gbCore.xcodeproj */;
			proxyType = 1;
			remoteGlobalIDString = 21B402BC1B7A07E9003382AB;
			remoteInfo = "gbCore-osx";
		};
/* End PBXContainerItemProxy section */

/* Begin PBXCopyFilesBuildPhase section */
		21E33DB31BB9567A00B540E7 /* CopyFiles */ = {
			isa = PBXCopyFilesBuildPhase;
			buildActionMask = 2147483647;
			dstPath = "include/$(PRODUCT_NAME)";
			dstSubfolderSpec = 16;
			files = (
			);
			runOnlyForDeploymentPostprocessing = 0;
		};
		21E33DDB1BB9571900B540E7 /* CopyFiles */ = {
			isa = PBXCopyFilesBuildPhase;
			buildActionMask = 2147483647;
			dstPath = "include/$(PRODUCT_NAME)";
			dstSubfolderSpec = 16;
			files = (
			);
			runOnlyForDeploymentPostprocessing = 0;
		};
/* End PBXCopyFilesBuildPhase section */

/* Begin PBXFileReference section */
		210F2A921BC29DAD00B0809F /* ui_graph.cpp */ = {isa = PBXFileReference; fileEncoding = 4; lastKnownFileType = sourcecode.cpp.cpp; name = ui_graph.cpp; path = sources/ui_graph.cpp; sourceTree = SOURCE_ROOT; };
		210F2A931BC29DAD00B0809F /* ui_graph.h */ = {isa = PBXFileReference; fileEncoding = 4; lastKnownFileType = sourcecode.c.h; name = ui_graph.h; path = sources/ui_graph.h; sourceTree = SOURCE_ROOT; };
		210F2A961BC29E1400B0809F /* ui_fabricator.cpp */ = {isa = PBXFileReference; fileEncoding = 4; lastKnownFileType = sourcecode.cpp.cpp; name = ui_fabricator.cpp; path = sources/ui_fabricator.cpp; sourceTree = SOURCE_ROOT; };
		210F2A971BC29E1400B0809F /* ui_fabricator.h */ = {isa = PBXFileReference; fileEncoding = 4; lastKnownFileType = sourcecode.c.h; name = ui_fabricator.h; path = sources/ui_fabricator.h; sourceTree = SOURCE_ROOT; };
		21E33DB51BB9567A00B540E7 /* libgbUI-ios.a */ = {isa = PBXFileReference; explicitFileType = archive.ar; includeInIndex = 0; path = "libgbUI-ios.a"; sourceTree = BUILT_PRODUCTS_DIR; };
		21E33DDF1BB9571900B540E7 /* libgbUI-osx.a */ = {isa = PBXFileReference; explicitFileType = archive.ar; includeInIndex = 0; path = "libgbUI-osx.a"; sourceTree = BUILT_PRODUCTS_DIR; };
		21E33DE71BB969AA00B540E7 /* control.cpp */ = {isa = PBXFileReference; fileEncoding = 4; lastKnownFileType = sourcecode.cpp.cpp; name = control.cpp; path = sources/control.cpp; sourceTree = SOURCE_ROOT; };
		21E33DE81BB969AA00B540E7 /* control.h */ = {isa = PBXFileReference; fileEncoding = 4; lastKnownFileType = sourcecode.c.h; name = control.h; path = sources/control.h; sourceTree = SOURCE_ROOT; };
		21E33DEC1BB9708700B540E7 /* dialog.cpp */ = {isa = PBXFileReference; fileEncoding = 4; lastKnownFileType = sourcecode.cpp.cpp; name = dialog.cpp; path = sources/dialog.cpp; sourceTree = SOURCE_ROOT; };
		21E33DED1BB9708700B540E7 /* dialog.h */ = {isa = PBXFileReference; fileEncoding = 4; lastKnownFileType = sourcecode.c.h; name = dialog.h; path = sources/dialog.h; sourceTree = SOURCE_ROOT; };
		21E33DF21BB9752900B540E7 /* ui_declarations.h */ = {isa = PBXFileReference; lastKnownFileType = sourcecode.c.h; name = ui_declarations.h; path = sources/ui_declarations.h; sourceTree = SOURCE_ROOT; };
		21E33DF51BB9757900B540E7 /* gbCore.xcodeproj */ = {isa = PBXFileReference; lastKnownFileType = "wrapper.pb-project"; name = gbCore.xcodeproj; path = ../gbCore/gbCore.xcodeproj; sourceTree = "<group>"; };
		21E33E071BB97C1800B540E7 /* element.cpp */ = {isa = PBXFileReference; fileEncoding = 4; lastKnownFileType = sourcecode.cpp.cpp; name = element.cpp; path = sources/element.cpp; sourceTree = SOURCE_ROOT; };
		21E33E081BB97C1800B540E7 /* element.h */ = {isa = PBXFileReference; fileEncoding = 4; lastKnownFileType = sourcecode.c.h; name = element.h; path = sources/element.h; sourceTree = SOURCE_ROOT; };
/* End PBXFileReference section */

/* Begin PBXFrameworksBuildPhase section */
		21E33DB21BB9567A00B540E7 /* Frameworks */ = {
			isa = PBXFrameworksBuildPhase;
			buildActionMask = 2147483647;
			files = (
				21E33E031BB9759400B540E7 /* libgbCore-ios.a in Frameworks */,
			);
			runOnlyForDeploymentPostprocessing = 0;
		};
		21E33DDA1BB9571900B540E7 /* Frameworks */ = {
			isa = PBXFrameworksBuildPhase;
			buildActionMask = 2147483647;
			files = (
				21E33E021BB9759000B540E7 /* libgbCore-osx.a in Frameworks */,
			);
			runOnlyForDeploymentPostprocessing = 0;
		};
/* End PBXFrameworksBuildPhase section */

/* Begin PBXGroup section */
		210F2A911BC29D6D00B0809F /* ui managment */ = {
			isa = PBXGroup;
			children = (
				210F2A971BC29E1400B0809F /* ui_fabricator.h */,
				210F2A961BC29E1400B0809F /* ui_fabricator.cpp */,
				210F2A931BC29DAD00B0809F /* ui_graph.h */,
				210F2A921BC29DAD00B0809F /* ui_graph.cpp */,
			);
			name = "ui managment";
			sourceTree = "<group>";
		};
		21E33DAC1BB9567A00B540E7 = {
			isa = PBXGroup;
			children = (
				21E33DEB1BB969B300B540E7 /* libraries */,
				21E33DB71BB9567A00B540E7 /* sources */,
				21E33DB61BB9567A00B540E7 /* products */,
			);
			sourceTree = "<group>";
		};
		21E33DB61BB9567A00B540E7 /* products */ = {
			isa = PBXGroup;
			children = (
				21E33DB51BB9567A00B540E7 /* libgbUI-ios.a */,
				21E33DDF1BB9571900B540E7 /* libgbUI-osx.a */,
			);
			name = products;
			sourceTree = "<group>";
		};
		21E33DB71BB9567A00B540E7 /* sources */ = {
			isa = PBXGroup;
			children = (
				210F2A911BC29D6D00B0809F /* ui managment */,
				21E33DF11BB9751400B540E7 /* common */,
				21E33E061BB97C0200B540E7 /* elements */,
				21E33DF41BB9755300B540E7 /* controls */,
				21E33DF31BB9754C00B540E7 /* dialogs */,
			);
			name = sources;
			path = gbUI;
			sourceTree = "<group>";
		};
		21E33DEB1BB969B300B540E7 /* libraries */ = {
			isa = PBXGroup;
			children = (
				21E33DF51BB9757900B540E7 /* gbCore.xcodeproj */,
			);
			name = libraries;
			sourceTree = "<group>";
		};
		21E33DF11BB9751400B540E7 /* common */ = {
			isa = PBXGroup;
			children = (
				21E33DF21BB9752900B540E7 /* ui_declarations.h */,
			);
			name = common;
			sourceTree = "<group>";
		};
		21E33DF31BB9754C00B540E7 /* dialogs */ = {
			isa = PBXGroup;
			children = (
				21E33DED1BB9708700B540E7 /* dialog.h */,
				21E33DEC1BB9708700B540E7 /* dialog.cpp */,
			);
			name = dialogs;
			sourceTree = "<group>";
		};
		21E33DF41BB9755300B540E7 /* controls */ = {
			isa = PBXGroup;
			children = (
				21E33DE81BB969AA00B540E7 /* control.h */,
				21E33DE71BB969AA00B540E7 /* control.cpp */,
			);
			name = controls;
			sourceTree = "<group>";
		};
		21E33DF61BB9757900B540E7 /* Products */ = {
			isa = PBXGroup;
			children = (
				21E33DFB1BB9757900B540E7 /* libgbCore-osx.a */,
				21E33DFD1BB9757900B540E7 /* libgbCore-ios.a */,
			);
			name = Products;
			sourceTree = "<group>";
		};
		21E33E061BB97C0200B540E7 /* elements */ = {
			isa = PBXGroup;
			children = (
				21E33E081BB97C1800B540E7 /* element.h */,
				21E33E071BB97C1800B540E7 /* element.cpp */,
			);
			name = elements;
			sourceTree = "<group>";
		};
/* End PBXGroup section */

/* Begin PBXNativeTarget section */
		21E33DB41BB9567A00B540E7 /* gbUI-ios */ = {
			isa = PBXNativeTarget;
			buildConfigurationList = 21E33DC91BB9567A00B540E7 /* Build configuration list for PBXNativeTarget "gbUI-ios" */;
			buildPhases = (
				21E33DB11BB9567A00B540E7 /* Sources */,
				21E33DB21BB9567A00B540E7 /* Frameworks */,
				21E33DB31BB9567A00B540E7 /* CopyFiles */,
			);
			buildRules = (
			);
			dependencies = (
				21E33DFF1BB9758500B540E7 /* PBXTargetDependency */,
			);
			name = "gbUI-ios";
			productName = gbUI;
			productReference = 21E33DB51BB9567A00B540E7 /* libgbUI-ios.a */;
			productType = "com.apple.product-type.library.static";
		};
		21E33DD81BB9571900B540E7 /* gbUI-osx */ = {
			isa = PBXNativeTarget;
			buildConfigurationList = 21E33DDC1BB9571900B540E7 /* Build configuration list for PBXNativeTarget "gbUI-osx" */;
			buildPhases = (
				21E33DD91BB9571900B540E7 /* Sources */,
				21E33DDA1BB9571900B540E7 /* Frameworks */,
				21E33DDB1BB9571900B540E7 /* CopyFiles */,
			);
			buildRules = (
			);
			dependencies = (
				21E33E011BB9758900B540E7 /* PBXTargetDependency */,
			);
			name = "gbUI-osx";
			productName = gbUI;
			productReference = 21E33DDF1BB9571900B540E7 /* libgbUI-osx.a */;
			productType = "com.apple.product-type.library.static";
		};
/* End PBXNativeTarget section */

/* Begin PBXProject section */
		21E33DAD1BB9567A00B540E7 /* Project object */ = {
			isa = PBXProject;
			attributes = {
				LastUpgradeCheck = 0640;
				ORGANIZATIONNAME = sergey.sergeev;
				TargetAttributes = {
					21E33DB41BB9567A00B540E7 = {
						CreatedOnToolsVersion = 6.4;
					};
				};
			};
			buildConfigurationList = 21E33DB01BB9567A00B540E7 /* Build configuration list for PBXProject "gbUI" */;
			compatibilityVersion = "Xcode 3.2";
			developmentRegion = English;
			hasScannedForEncodings = 0;
			knownRegions = (
				en,
			);
			mainGroup = 21E33DAC1BB9567A00B540E7;
			productRefGroup = 21E33DB61BB9567A00B540E7 /* products */;
			projectDirPath = "";
			projectReferences = (
				{
					ProductGroup = 21E33DF61BB9757900B540E7 /* Products */;
					ProjectRef = 21E33DF51BB9757900B540E7 /* gbCore.xcodeproj */;
				},
			);
			projectRoot = "";
			targets = (
				21E33DB41BB9567A00B540E7 /* gbUI-ios */,
				21E33DD81BB9571900B540E7 /* gbUI-osx */,
			);
		};
/* End PBXProject section */

/* Begin PBXReferenceProxy section */
		21E33DFB1BB9757900B540E7 /* libgbCore-osx.a */ = {
			isa = PBXReferenceProxy;
			fileType = archive.ar;
			path = "libgbCore-osx.a";
			remoteRef = 21E33DFA1BB9757900B540E7 /* PBXContainerItemProxy */;
			sourceTree = BUILT_PRODUCTS_DIR;
		};
		21E33DFD1BB9757900B540E7 /* libgbCore-ios.a */ = {
			isa = PBXReferenceProxy;
			fileType = archive.ar;
			path = "libgbCore-ios.a";
			remoteRef = 21E33DFC1BB9757900B540E7 /* PBXContainerItemProxy */;
			sourceTree = BUILT_PRODUCTS_DIR;
		};
/* End PBXReferenceProxy section */

/* Begin PBXSourcesBuildPhase section */
		21E33DB11BB9567A00B540E7 /* Sources */ = {
			isa = PBXSourcesBuildPhase;
			buildActionMask = 2147483647;
			files = (
				210F2A981BC29E1400B0809F /* ui_fabricator.cpp in Sources */,
				210F2A941BC29DAD00B0809F /* ui_graph.cpp in Sources */,
				21E33DE91BB969AA00B540E7 /* control.cpp in Sources */,
				21E33E091BB97C1800B540E7 /* element.cpp in Sources */,
				21E33DEE1BB9708700B540E7 /* dialog.cpp in Sources */,
			);
			runOnlyForDeploymentPostprocessing = 0;
		};
		21E33DD91BB9571900B540E7 /* Sources */ = {
			isa = PBXSourcesBuildPhase;
			buildActionMask = 2147483647;
			files = (
				210F2A991BC29E1400B0809F /* ui_fabricator.cpp in Sources */,
				210F2A951BC29DAD00B0809F /* ui_graph.cpp in Sources */,
				21E33DEA1BB969AA00B540E7 /* control.cpp in Sources */,
				21E33E0A1BB97C1800B540E7 /* element.cpp in Sources */,
				21E33DEF1BB9708700B540E7 /* dialog.cpp in Sources */,
			);
			runOnlyForDeploymentPostprocessing = 0;
		};
/* End PBXSourcesBuildPhase section */

/* Begin PBXTargetDependency section */
		21E33DFF1BB9758500B540E7 /* PBXTargetDependency */ = {
			isa = PBXTargetDependency;
			name = "gbCore-ios";
			targetProxy = 21E33DFE1BB9758500B540E7 /* PBXContainerItemProxy */;
		};
		21E33E011BB9758900B540E7 /* PBXTargetDependency */ = {
			isa = PBXTargetDependency;
			name = "gbCore-osx";
			targetProxy = 21E33E001BB9758900B540E7 /* PBXContainerItemProxy */;
		};
/* End PBXTargetDependency section */

/* Begin XCBuildConfiguration section */
		21E33DC71BB9567A00B540E7 /* Debug */ = {
			isa = XCBuildConfiguration;
			buildSettings = {
				ALWAYS_SEARCH_USER_PATHS = NO;
				CLANG_CXX_LANGUAGE_STANDARD = "gnu++0x";
				CLANG_CXX_LIBRARY = "libc++";
				CLANG_ENABLE_MODULES = YES;
				CLANG_ENABLE_OBJC_ARC = YES;
				CLANG_WARN_BOOL_CONVERSION = YES;
				CLANG_WARN_CONSTANT_CONVERSION = YES;
				CLANG_WARN_DIRECT_OBJC_ISA_USAGE = YES_ERROR;
				CLANG_WARN_EMPTY_BODY = YES;
				CLANG_WARN_ENUM_CONVERSION = YES;
				CLANG_WARN_INT_CONVERSION = YES;
				CLANG_WARN_OBJC_ROOT_CLASS = YES_ERROR;
				CLANG_WARN_UNREACHABLE_CODE = YES;
				CLANG_WARN__DUPLICATE_METHOD_MATCH = YES;
				COPY_PHASE_STRIP = NO;
				DEBUG_INFORMATION_FORMAT = "dwarf-with-dsym";
				ENABLE_STRICT_OBJC_MSGSEND = YES;
				GCC_C_LANGUAGE_STANDARD = gnu99;
				GCC_DYNAMIC_NO_PIC = NO;
				GCC_NO_COMMON_BLOCKS = YES;
				GCC_OPTIMIZATION_LEVEL = 0;
				GCC_PREPROCESSOR_DEFINITIONS = (
					"DEBUG=1",
					"$(inherited)",
				);
				GCC_SYMBOLS_PRIVATE_EXTERN = NO;
				GCC_WARN_64_TO_32_BIT_CONVERSION = YES;
				GCC_WARN_ABOUT_RETURN_TYPE = YES_ERROR;
				GCC_WARN_UNDECLARED_SELECTOR = YES;
				GCC_WARN_UNINITIALIZED_AUTOS = YES_AGGRESSIVE;
				GCC_WARN_UNUSED_FUNCTION = YES;
				GCC_WARN_UNUSED_VARIABLE = YES;
				IPHONEOS_DEPLOYMENT_TARGET = 8.4;
				MTL_ENABLE_DEBUG_INFO = YES;
				ONLY_ACTIVE_ARCH = YES;
				SDKROOT = iphoneos;
			};
			name = Debug;
		};
		21E33DC81BB9567A00B540E7 /* Release */ = {
			isa = XCBuildConfiguration;
			buildSettings = {
				ALWAYS_SEARCH_USER_PATHS = NO;
				CLANG_CXX_LANGUAGE_STANDARD = "gnu++0x";
				CLANG_CXX_LIBRARY = "libc++";
				CLANG_ENABLE_MODULES = YES;
				CLANG_ENABLE_OBJC_ARC = YES;
				CLANG_WARN_BOOL_CONVERSION = YES;
				CLANG_WARN_CONSTANT_CONVERSION = YES;
				CLANG_WARN_DIRECT_OBJC_ISA_USAGE = YES_ERROR;
				CLANG_WARN_EMPTY_BODY = YES;
				CLANG_WARN_ENUM_CONVERSION = YES;
				CLANG_WARN_INT_CONVERSION = YES;
				CLANG_WARN_OBJC_ROOT_CLASS = YES_ERROR;
				CLANG_WARN_UNREACHABLE_CODE = YES;
				CLANG_WARN__DUPLICATE_METHOD_MATCH = YES;
				COPY_PHASE_STRIP = NO;
				DEBUG_INFORMATION_FORMAT = "dwarf-with-dsym";
				ENABLE_NS_ASSERTIONS = NO;
				ENABLE_STRICT_OBJC_MSGSEND = YES;
				GCC_C_LANGUAGE_STANDARD = gnu99;
				GCC_NO_COMMON_BLOCKS = YES;
				GCC_WARN_64_TO_32_BIT_CONVERSION = YES;
				GCC_WARN_ABOUT_RETURN_TYPE = YES_ERROR;
				GCC_WARN_UNDECLARED_SELECTOR = YES;
				GCC_WARN_UNINITIALIZED_AUTOS = YES_AGGRESSIVE;
				GCC_WARN_UNUSED_FUNCTION = YES;
				GCC_WARN_UNUSED_VARIABLE = YES;
				IPHONEOS_DEPLOYMENT_TARGET = 8.4;
				MTL_ENABLE_DEBUG_INFO = NO;
				SDKROOT = iphoneos;
				VALIDATE_PRODUCT = YES;
			};
			name = Release;
		};
		21E33DCA1BB9567A00B540E7 /* Debug */ = {
			isa = XCBuildConfiguration;
			buildSettings = {
				CLANG_CXX_LANGUAGE_STANDARD = "c++0x";
				GCC_C_LANGUAGE_STANDARD = "compiler-default";
				GCC_ENABLE_CPP_EXCEPTIONS = NO;
				GCC_ENABLE_CPP_RTTI = NO;
				GCC_PREPROCESSOR_DEFINITIONS = (
					"DEBUG=1",
					"$(inherited)",
					"__IOS__=1",
				);
				HEADER_SEARCH_PATHS = (
					"$(inherited)",
					/Applications/Xcode.app/Contents/Developer/Toolchains/XcodeDefault.xctoolchain/usr/include,
					"\"$(SRCROOT)/../gbCore/sources\"",
					"\"$(SRCROOT)/../gbCore/libraries\"",
					"\"$(SRCROOT)/../gbCore/autogenerated\"",
				);
				OTHER_LDFLAGS = "-ObjC";
				PRODUCT_NAME = "$(TARGET_NAME)";
				SKIP_INSTALL = YES;
			};
			name = Debug;
		};
		21E33DCB1BB9567A00B540E7 /* Release */ = {
			isa = XCBuildConfiguration;
			buildSettings = {
				CLANG_CXX_LANGUAGE_STANDARD = "c++0x";
				GCC_C_LANGUAGE_STANDARD = "compiler-default";
				GCC_ENABLE_CPP_EXCEPTIONS = NO;
				GCC_ENABLE_CPP_RTTI = NO;
				GCC_OPTIMIZATION_LEVEL = 3;
				GCC_PREPROCESSOR_DEFINITIONS = "__IOS__=1";
				HEADER_SEARCH_PATHS = (
					"$(inherited)",
					/Applications/Xcode.app/Contents/Developer/Toolchains/XcodeDefault.xctoolchain/usr/include,
					"\"$(SRCROOT)/../gbCore/sources\"",
					"\"$(SRCROOT)/../gbCore/libraries\"",
					"\"$(SRCROOT)/../gbCore/autogenerated\"",
				);
				OTHER_LDFLAGS = "-ObjC";
				PRODUCT_NAME = "$(TARGET_NAME)";
				SKIP_INSTALL = YES;
			};
			name = Release;
		};
		21E33DDD1BB9571900B540E7 /* Debug */ = {
			isa = XCBuildConfiguration;
			buildSettings = {
				CLANG_CXX_LANGUAGE_STANDARD = "c++0x";
				GCC_C_LANGUAGE_STANDARD = "compiler-default";
				GCC_ENABLE_CPP_EXCEPTIONS = NO;
				GCC_ENABLE_CPP_RTTI = NO;
				GCC_PREPROCESSOR_DEFINITIONS = (
					"DEBUG=1",
					"__OSX__=1",
					"$(inherited)",
				);
				HEADER_SEARCH_PATHS = (
					"$(inherited)",
					/Applications/Xcode.app/Contents/Developer/Toolchains/XcodeDefault.xctoolchain/usr/include,
					"\"$(SRCROOT)/../gbCore/sources\"",
					"\"$(SRCROOT)/../gbCore/libraries\"",
					"\"$(SRCROOT)/../gbCore/autogenerated\"",
				);
				OTHER_LDFLAGS = "-ObjC";
				PRODUCT_NAME = "gbUI-osx";
				SDKROOT = macosx;
				SKIP_INSTALL = YES;
			};
			name = Debug;
		};
		21E33DDE1BB9571900B540E7 /* Release */ = {
			isa = XCBuildConfiguration;
			buildSettings = {
				CLANG_CXX_LANGUAGE_STANDARD = "c++0x";
				GCC_C_LANGUAGE_STANDARD = "compiler-default";
				GCC_ENABLE_CPP_EXCEPTIONS = NO;
				GCC_ENABLE_CPP_RTTI = NO;
				GCC_PREPROCESSOR_DEFINITIONS = "__OSX__=1";
				HEADER_SEARCH_PATHS = (
					"$(inherited)",
					/Applications/Xcode.app/Contents/Developer/Toolchains/XcodeDefault.xctoolchain/usr/include,
					"\"$(SRCROOT)/../gbCore/sources\"",
					"\"$(SRCROOT)/../gbCore/libraries\"",
					"\"$(SRCROOT)/../gbCore/autogenerated\"",
				);
				OTHER_LDFLAGS = "-ObjC";
				PRODUCT_NAME = "gbUI-osx";
				SDKROOT = macosx;
				SKIP_INSTALL = YES;
			};
			name = Release;
		};
/* End XCBuildConfiguration section */

/* Begin XCConfigurationList section */
		21E33DB01BB9567A00B540E7 /* Build configuration list for PBXProject "gbUI" */ = {
			isa = XCConfigurationList;
			buildConfigurations = (
				21E33DC71BB9567A00B540E7 /* Debug */,
				21E33DC81BB9567A00B540E7 /* Release */,
			);
			defaultConfigurationIsVisible = 0;
			defaultConfigurationName = Release;
		};
		21E33DC91BB9567A00B540E7 /* Build configuration list for PBXNativeTarget "gbUI-ios" */ = {
			isa = XCConfigurationList;
			buildConfigurations = (
				21E33DCA1BB9567A00B540E7 /* Debug */,
				21E33DCB1BB9567A00B540E7 /* Release */,
			);
			defaultConfigurationIsVisible = 0;
			defaultConfigurationName = Release;
		};
		21E33DDC1BB9571900B540E7 /* Build configuration list for PBXNativeTarget "gbUI-osx" */ = {
			isa = XCConfigurationList;
			buildConfigurations = (
				21E33DDD1BB9571900B540E7 /* Debug */,
				21E33DDE1BB9571900B540E7 /* Release */,
			);
			defaultConfigurationIsVisible = 0;
			defaultConfigurationName = Release;
		};
/* End XCConfigurationList section */
	};
	rootObject = 21E33DAD1BB9567A00B540E7 /* Project object */;
}
