// !$*UTF8*$!
{
	archiveVersion = 1;
	classes = {
	};
	objectVersion = 46;
	objects = {

/* Begin PBXBuildFile section */
		2126DBE81C527D19003EBBDA /* table_view_cell.cpp in Sources */ = {isa = PBXBuildFile; fileRef = 2126DBE61C527D19003EBBDA /* table_view_cell.cpp */; };
		2126DBE91C527D19003EBBDA /* table_view_cell.cpp in Sources */ = {isa = PBXBuildFile; fileRef = 2126DBE61C527D19003EBBDA /* table_view_cell.cpp */; };
		2126DC7A1C56512D003EBBDA /* content_tab_list.cpp in Sources */ = {isa = PBXBuildFile; fileRef = 2126DC781C56512D003EBBDA /* content_tab_list.cpp */; };
		2126DC7B1C56512D003EBBDA /* content_tab_list.cpp in Sources */ = {isa = PBXBuildFile; fileRef = 2126DC781C56512D003EBBDA /* content_tab_list.cpp */; };
		2126DC7E1C565145003EBBDA /* content_tab_list_cell.cpp in Sources */ = {isa = PBXBuildFile; fileRef = 2126DC7C1C565145003EBBDA /* content_tab_list_cell.cpp */; };
		2126DC7F1C565145003EBBDA /* content_tab_list_cell.cpp in Sources */ = {isa = PBXBuildFile; fileRef = 2126DC7C1C565145003EBBDA /* content_tab_list_cell.cpp */; };
		21A26BE11C4901AB008BD825 /* table_view.cpp in Sources */ = {isa = PBXBuildFile; fileRef = 21A26BDF1C4901AB008BD825 /* table_view.cpp */; };
		21A26BE21C4901AC008BD825 /* table_view.cpp in Sources */ = {isa = PBXBuildFile; fileRef = 21A26BDF1C4901AB008BD825 /* table_view.cpp */; };
		21D06B861C62033000D2DCE9 /* grouped_buttons.cpp in Sources */ = {isa = PBXBuildFile; fileRef = 21D06B841C62033000D2DCE9 /* grouped_buttons.cpp */; };
		21D06B871C62033000D2DCE9 /* grouped_buttons.cpp in Sources */ = {isa = PBXBuildFile; fileRef = 21D06B841C62033000D2DCE9 /* grouped_buttons.cpp */; };
		21DA20671C468112008AD536 /* button.cpp in Sources */ = {isa = PBXBuildFile; fileRef = 21DA20651C468112008AD536 /* button.cpp */; };
		21DA20681C468112008AD536 /* button.cpp in Sources */ = {isa = PBXBuildFile; fileRef = 21DA20651C468112008AD536 /* button.cpp */; };
		21DA20921C46A60E008AD536 /* ui_fabricator.cpp in Sources */ = {isa = PBXBuildFile; fileRef = 210F2A961BC29E1400B0809F /* ui_fabricator.cpp */; };
		21DA20931C46A60F008AD536 /* ui_fabricator.cpp in Sources */ = {isa = PBXBuildFile; fileRef = 210F2A961BC29E1400B0809F /* ui_fabricator.cpp */; };
		21E2D6FA1C75087800BFF2B8 /* tree_view.cpp in Sources */ = {isa = PBXBuildFile; fileRef = 21E2D6F81C75087800BFF2B8 /* tree_view.cpp */; };
		21E2D6FB1C75087800BFF2B8 /* tree_view.cpp in Sources */ = {isa = PBXBuildFile; fileRef = 21E2D6F81C75087800BFF2B8 /* tree_view.cpp */; };
		21E2D6FE1C7508A700BFF2B8 /* tree_view_cell.cpp in Sources */ = {isa = PBXBuildFile; fileRef = 21E2D6FC1C7508A700BFF2B8 /* tree_view_cell.cpp */; };
		21E2D6FF1C7508A700BFF2B8 /* tree_view_cell.cpp in Sources */ = {isa = PBXBuildFile; fileRef = 21E2D6FC1C7508A700BFF2B8 /* tree_view_cell.cpp */; };
		21E2D7031C750A0D00BFF2B8 /* ui_scene_graph_extension.cpp in Sources */ = {isa = PBXBuildFile; fileRef = 21E2D7011C750A0D00BFF2B8 /* ui_scene_graph_extension.cpp */; };
		21E2D7041C750A0D00BFF2B8 /* ui_scene_graph_extension.cpp in Sources */ = {isa = PBXBuildFile; fileRef = 21E2D7011C750A0D00BFF2B8 /* ui_scene_graph_extension.cpp */; };
		21E33DE91BB969AA00B540E7 /* control.cpp in Sources */ = {isa = PBXBuildFile; fileRef = 21E33DE71BB969AA00B540E7 /* control.cpp */; };
		21E33DEA1BB969AA00B540E7 /* control.cpp in Sources */ = {isa = PBXBuildFile; fileRef = 21E33DE71BB969AA00B540E7 /* control.cpp */; };
		21E33DEE1BB9708700B540E7 /* dialog.cpp in Sources */ = {isa = PBXBuildFile; fileRef = 21E33DEC1BB9708700B540E7 /* dialog.cpp */; };
		21E33DEF1BB9708700B540E7 /* dialog.cpp in Sources */ = {isa = PBXBuildFile; fileRef = 21E33DEC1BB9708700B540E7 /* dialog.cpp */; };
		21EC9B441C65ED6B000736D8 /* switcher.cpp in Sources */ = {isa = PBXBuildFile; fileRef = 21EC9B421C65ED6B000736D8 /* switcher.cpp */; };
		21EC9B451C65ED6B000736D8 /* switcher.cpp in Sources */ = {isa = PBXBuildFile; fileRef = 21EC9B421C65ED6B000736D8 /* switcher.cpp */; };
		926F26682269FE54004659CC /* interaction_control.cpp in Sources */ = {isa = PBXBuildFile; fileRef = 92B5852721539804008AA8BB /* interaction_control.cpp */; };
		926F266C2269FE82004659CC /* panel.cpp in Sources */ = {isa = PBXBuildFile; fileRef = 92B5852521539803008AA8BB /* panel.cpp */; };
		92B5852821539804008AA8BB /* panel.cpp in Sources */ = {isa = PBXBuildFile; fileRef = 92B5852521539803008AA8BB /* panel.cpp */; };
		92B5852921539804008AA8BB /* panel.cpp in Sources */ = {isa = PBXBuildFile; fileRef = 92B5852521539803008AA8BB /* panel.cpp */; };
		92B5852A21539804008AA8BB /* interaction_control.cpp in Sources */ = {isa = PBXBuildFile; fileRef = 92B5852721539804008AA8BB /* interaction_control.cpp */; };
		92B5852B21539804008AA8BB /* interaction_control.cpp in Sources */ = {isa = PBXBuildFile; fileRef = 92B5852721539804008AA8BB /* interaction_control.cpp */; };
		92BAA68C2285753A005C5883 /* image_button.cpp in Sources */ = {isa = PBXBuildFile; fileRef = 92BAA68A2285753A005C5883 /* image_button.cpp */; };
		92BAA68D2285753A005C5883 /* image_button.cpp in Sources */ = {isa = PBXBuildFile; fileRef = 92BAA68A2285753A005C5883 /* image_button.cpp */; };
		92BAA68E2285753A005C5883 /* image_button.cpp in Sources */ = {isa = PBXBuildFile; fileRef = 92BAA68A2285753A005C5883 /* image_button.cpp */; };
		92DB2C7822FF22530025E505 /* color_picker.cpp in Sources */ = {isa = PBXBuildFile; fileRef = 92DB2C7622FF22530025E505 /* color_picker.cpp */; };
		92DB2C7922FF22530025E505 /* color_picker.cpp in Sources */ = {isa = PBXBuildFile; fileRef = 92DB2C7622FF22530025E505 /* color_picker.cpp */; };
		92DB2C7A22FF22530025E505 /* color_picker.cpp in Sources */ = {isa = PBXBuildFile; fileRef = 92DB2C7622FF22530025E505 /* color_picker.cpp */; };
		92E2400522B123D1005DDD5D /* progress_bar.cpp in Sources */ = {isa = PBXBuildFile; fileRef = 92E2400322B123D1005DDD5D /* progress_bar.cpp */; };
		92E2400622B123D1005DDD5D /* progress_bar.cpp in Sources */ = {isa = PBXBuildFile; fileRef = 92E2400322B123D1005DDD5D /* progress_bar.cpp */; };
		92E2400722B123D1005DDD5D /* progress_bar.cpp in Sources */ = {isa = PBXBuildFile; fileRef = 92E2400322B123D1005DDD5D /* progress_bar.cpp */; };
		F3237E9A1E9E494F00337A9C /* textfield.cpp in Sources */ = {isa = PBXBuildFile; fileRef = F3237E981E9E494F00337A9C /* textfield.cpp */; };
		F3237E9B1E9E494F00337A9C /* textfield.cpp in Sources */ = {isa = PBXBuildFile; fileRef = F3237E981E9E494F00337A9C /* textfield.cpp */; };
		F3237E9C1E9E494F00337A9C /* textfield.cpp in Sources */ = {isa = PBXBuildFile; fileRef = F3237E981E9E494F00337A9C /* textfield.cpp */; };
		F3237EA31E9E4C6100337A9C /* ces_textedit_component.cpp in Sources */ = {isa = PBXBuildFile; fileRef = F3237EA11E9E4C6100337A9C /* ces_textedit_component.cpp */; };
		F3237EA41E9E4C6100337A9C /* ces_textedit_component.cpp in Sources */ = {isa = PBXBuildFile; fileRef = F3237EA11E9E4C6100337A9C /* ces_textedit_component.cpp */; };
		F3237EA51E9E4C6100337A9C /* ces_textedit_component.cpp in Sources */ = {isa = PBXBuildFile; fileRef = F3237EA11E9E4C6100337A9C /* ces_textedit_component.cpp */; };
		F3237EA81E9E4C7D00337A9C /* ces_textedit_system.cpp in Sources */ = {isa = PBXBuildFile; fileRef = F3237EA61E9E4C7D00337A9C /* ces_textedit_system.cpp */; };
		F3237EA91E9E4C7D00337A9C /* ces_textedit_system.cpp in Sources */ = {isa = PBXBuildFile; fileRef = F3237EA61E9E4C7D00337A9C /* ces_textedit_system.cpp */; };
		F3237EAA1E9E4C7D00337A9C /* ces_textedit_system.cpp in Sources */ = {isa = PBXBuildFile; fileRef = F3237EA61E9E4C7D00337A9C /* ces_textedit_system.cpp */; };
		F32627051E027F6100383515 /* console.cpp in Sources */ = {isa = PBXBuildFile; fileRef = F32627031E027F6100383515 /* console.cpp */; };
		F32627061E027F6100383515 /* console.cpp in Sources */ = {isa = PBXBuildFile; fileRef = F32627031E027F6100383515 /* console.cpp */; };
		F33BF90E1E69A42F00307DF9 /* fullscreen_joystick.cpp in Sources */ = {isa = PBXBuildFile; fileRef = F33BF90C1E69A42F00307DF9 /* fullscreen_joystick.cpp */; };
		F33BF90F1E69A42F00307DF9 /* fullscreen_joystick.cpp in Sources */ = {isa = PBXBuildFile; fileRef = F33BF90C1E69A42F00307DF9 /* fullscreen_joystick.cpp */; };
		F36DF1B31E953BBC00EAE49B /* ui_fabricator.cpp in Sources */ = {isa = PBXBuildFile; fileRef = 210F2A961BC29E1400B0809F /* ui_fabricator.cpp */; };
		F36DF1B41E953BBC00EAE49B /* table_view.cpp in Sources */ = {isa = PBXBuildFile; fileRef = 21A26BDF1C4901AB008BD825 /* table_view.cpp */; };
		F36DF1B51E953BBC00EAE49B /* button.cpp in Sources */ = {isa = PBXBuildFile; fileRef = 21DA20651C468112008AD536 /* button.cpp */; };
		F36DF1B61E953BBC00EAE49B /* joystick.cpp in Sources */ = {isa = PBXBuildFile; fileRef = F3729BD91DC513CB0025952A /* joystick.cpp */; };
		F36DF1B71E953BBC00EAE49B /* content_tab_list.cpp in Sources */ = {isa = PBXBuildFile; fileRef = 2126DC781C56512D003EBBDA /* content_tab_list.cpp */; };
		F36DF1B81E953BBC00EAE49B /* table_view_cell.cpp in Sources */ = {isa = PBXBuildFile; fileRef = 2126DBE61C527D19003EBBDA /* table_view_cell.cpp */; };
		F36DF1B91E953BBC00EAE49B /* console.cpp in Sources */ = {isa = PBXBuildFile; fileRef = F32627031E027F6100383515 /* console.cpp */; };
		F36DF1BA1E953BBC00EAE49B /* action_console.cpp in Sources */ = {isa = PBXBuildFile; fileRef = F39750B41E8E8E520060D07A /* action_console.cpp */; };
		F36DF1BB1E953BBC00EAE49B /* switcher.cpp in Sources */ = {isa = PBXBuildFile; fileRef = 21EC9B421C65ED6B000736D8 /* switcher.cpp */; };
		F36DF1BC1E953BBC00EAE49B /* tree_view.cpp in Sources */ = {isa = PBXBuildFile; fileRef = 21E2D6F81C75087800BFF2B8 /* tree_view.cpp */; };
		F36DF1BD1E953BBC00EAE49B /* content_tab_list_cell.cpp in Sources */ = {isa = PBXBuildFile; fileRef = 2126DC7C1C565145003EBBDA /* content_tab_list_cell.cpp */; };
		F36DF1BE1E953BBC00EAE49B /* fullscreen_joystick.cpp in Sources */ = {isa = PBXBuildFile; fileRef = F33BF90C1E69A42F00307DF9 /* fullscreen_joystick.cpp */; };
		F36DF1BF1E953BBC00EAE49B /* tree_view_cell.cpp in Sources */ = {isa = PBXBuildFile; fileRef = 21E2D6FC1C7508A700BFF2B8 /* tree_view_cell.cpp */; };
		F36DF1C01E953BBC00EAE49B /* control.cpp in Sources */ = {isa = PBXBuildFile; fileRef = 21E33DE71BB969AA00B540E7 /* control.cpp */; };
		F36DF1C11E953BBC00EAE49B /* ui_scene_graph_extension.cpp in Sources */ = {isa = PBXBuildFile; fileRef = 21E2D7011C750A0D00BFF2B8 /* ui_scene_graph_extension.cpp */; };
		F36DF1C21E953BBC00EAE49B /* grouped_buttons.cpp in Sources */ = {isa = PBXBuildFile; fileRef = 21D06B841C62033000D2DCE9 /* grouped_buttons.cpp */; };
		F36DF1C31E953BBC00EAE49B /* dialog.cpp in Sources */ = {isa = PBXBuildFile; fileRef = 21E33DEC1BB9708700B540E7 /* dialog.cpp */; };
		F36DF34A1E953CD600EAE49B /* libgbCore-tvos.a in Frameworks */ = {isa = PBXBuildFile; fileRef = F36DF1CE1E953BBC00EAE49B /* libgbCore-tvos.a */; };
		F3729BDB1DC513CB0025952A /* joystick.cpp in Sources */ = {isa = PBXBuildFile; fileRef = F3729BD91DC513CB0025952A /* joystick.cpp */; };
		F3729BDC1DC513CB0025952A /* joystick.cpp in Sources */ = {isa = PBXBuildFile; fileRef = F3729BD91DC513CB0025952A /* joystick.cpp */; };
		F39750B61E8E8E520060D07A /* action_console.cpp in Sources */ = {isa = PBXBuildFile; fileRef = F39750B41E8E8E520060D07A /* action_console.cpp */; };
		F39750B71E8E8E520060D07A /* action_console.cpp in Sources */ = {isa = PBXBuildFile; fileRef = F39750B41E8E8E520060D07A /* action_console.cpp */; };
		F3CB847E1F46DD640045BA1B /* ces_ui_control_component.cpp in Sources */ = {isa = PBXBuildFile; fileRef = F3CB847C1F46DD640045BA1B /* ces_ui_control_component.cpp */; };
		F3CB847F1F46DD640045BA1B /* ces_ui_control_component.cpp in Sources */ = {isa = PBXBuildFile; fileRef = F3CB847C1F46DD640045BA1B /* ces_ui_control_component.cpp */; };
		F3CB84801F46DD640045BA1B /* ces_ui_control_component.cpp in Sources */ = {isa = PBXBuildFile; fileRef = F3CB847C1F46DD640045BA1B /* ces_ui_control_component.cpp */; };
/* End PBXBuildFile section */

/* Begin PBXContainerItemProxy section */
		21E33DFA1BB9757900B540E7 /* PBXContainerItemProxy */ = {
			isa = PBXContainerItemProxy;
			containerPortal = 21E33DF51BB9757900B540E7 /* gbCore.xcodeproj */;
			proxyType = 2;
			remoteGlobalIDString = 21B402BD1B7A07E9003382AB;
			remoteInfo = "gbCore-osx";
		};
		21E33DFC1BB9757900B540E7 /* PBXContainerItemProxy */ = {
			isa = PBXContainerItemProxy;
			containerPortal = 21E33DF51BB9757900B540E7 /* gbCore.xcodeproj */;
			proxyType = 2;
			remoteGlobalIDString = 21B4057B1B7A0AFA003382AB;
			remoteInfo = "gbCore-ios";
		};
		21E33DFE1BB9758500B540E7 /* PBXContainerItemProxy */ = {
			isa = PBXContainerItemProxy;
			containerPortal = 21E33DF51BB9757900B540E7 /* gbCore.xcodeproj */;
			proxyType = 1;
			remoteGlobalIDString = 21B405271B7A0AFA003382AB;
			remoteInfo = "gbCore-ios";
		};
		21E33E001BB9758900B540E7 /* PBXContainerItemProxy */ = {
			isa = PBXContainerItemProxy;
			containerPortal = 21E33DF51BB9757900B540E7 /* gbCore.xcodeproj */;
			proxyType = 1;
			remoteGlobalIDString = 21B402BC1B7A07E9003382AB;
			remoteInfo = "gbCore-osx";
		};
		F36DF1CD1E953BBC00EAE49B /* PBXContainerItemProxy */ = {
			isa = PBXContainerItemProxy;
			containerPortal = 21E33DF51BB9757900B540E7 /* gbCore.xcodeproj */;
			proxyType = 2;
			remoteGlobalIDString = F36DF1AE1E953B3C00EAE49B;
			remoteInfo = "gbCore-tv_os";
		};
		F36DF3481E953CBD00EAE49B /* PBXContainerItemProxy */ = {
			isa = PBXContainerItemProxy;
			containerPortal = 21E33DF51BB9757900B540E7 /* gbCore.xcodeproj */;
			proxyType = 1;
			remoteGlobalIDString = F36DF0F61E953B3C00EAE49B;
			remoteInfo = "gbCore-tv_os";
		};
		F38C8EF71E573BE300887439 /* PBXContainerItemProxy */ = {
			isa = PBXContainerItemProxy;
			containerPortal = 21E33DF51BB9757900B540E7 /* gbCore.xcodeproj */;
			proxyType = 2;
			remoteGlobalIDString = 02F249E21E33AFF50071568F;
			remoteInfo = gb_core_osx_nr;
		};
/* End PBXContainerItemProxy section */

/* Begin PBXCopyFilesBuildPhase section */
		21E33DB31BB9567A00B540E7 /* CopyFiles */ = {
			isa = PBXCopyFilesBuildPhase;
			buildActionMask = 2147483647;
			dstPath = "";
			dstSubfolderSpec = 16;
			files = (
			);
			runOnlyForDeploymentPostprocessing = 0;
		};
		21E33DDB1BB9571900B540E7 /* CopyFiles */ = {
			isa = PBXCopyFilesBuildPhase;
			buildActionMask = 2147483647;
			dstPath = "";
			dstSubfolderSpec = 16;
			files = (
			);
			runOnlyForDeploymentPostprocessing = 0;
		};
		F36DF1C61E953BBC00EAE49B /* CopyFiles */ = {
			isa = PBXCopyFilesBuildPhase;
			buildActionMask = 2147483647;
			dstPath = "";
			dstSubfolderSpec = 16;
			files = (
			);
			runOnlyForDeploymentPostprocessing = 0;
		};
/* End PBXCopyFilesBuildPhase section */

/* Begin PBXFileReference section */
		210F2A961BC29E1400B0809F /* ui_fabricator.cpp */ = {isa = PBXFileReference; fileEncoding = 4; lastKnownFileType = sourcecode.cpp.cpp; name = ui_fabricator.cpp; path = sources/ui_fabricator.cpp; sourceTree = SOURCE_ROOT; };
		210F2A971BC29E1400B0809F /* ui_fabricator.h */ = {isa = PBXFileReference; fileEncoding = 4; lastKnownFileType = sourcecode.c.h; name = ui_fabricator.h; path = sources/ui_fabricator.h; sourceTree = SOURCE_ROOT; };
		2126DBE61C527D19003EBBDA /* table_view_cell.cpp */ = {isa = PBXFileReference; fileEncoding = 4; lastKnownFileType = sourcecode.cpp.cpp; name = table_view_cell.cpp; path = sources/table_view_cell.cpp; sourceTree = SOURCE_ROOT; };
		2126DBE71C527D19003EBBDA /* table_view_cell.h */ = {isa = PBXFileReference; fileEncoding = 4; lastKnownFileType = sourcecode.c.h; name = table_view_cell.h; path = sources/table_view_cell.h; sourceTree = SOURCE_ROOT; };
		2126DC781C56512D003EBBDA /* content_tab_list.cpp */ = {isa = PBXFileReference; fileEncoding = 4; lastKnownFileType = sourcecode.cpp.cpp; name = content_tab_list.cpp; path = sources/content_tab_list.cpp; sourceTree = SOURCE_ROOT; };
		2126DC791C56512D003EBBDA /* content_tab_list.h */ = {isa = PBXFileReference; fileEncoding = 4; lastKnownFileType = sourcecode.c.h; name = content_tab_list.h; path = sources/content_tab_list.h; sourceTree = SOURCE_ROOT; };
		2126DC7C1C565145003EBBDA /* content_tab_list_cell.cpp */ = {isa = PBXFileReference; fileEncoding = 4; lastKnownFileType = sourcecode.cpp.cpp; name = content_tab_list_cell.cpp; path = sources/content_tab_list_cell.cpp; sourceTree = SOURCE_ROOT; };
		2126DC7D1C565145003EBBDA /* content_tab_list_cell.h */ = {isa = PBXFileReference; fileEncoding = 4; lastKnownFileType = sourcecode.c.h; name = content_tab_list_cell.h; path = sources/content_tab_list_cell.h; sourceTree = SOURCE_ROOT; };
		21A26BDF1C4901AB008BD825 /* table_view.cpp */ = {isa = PBXFileReference; fileEncoding = 4; lastKnownFileType = sourcecode.cpp.cpp; name = table_view.cpp; path = sources/table_view.cpp; sourceTree = SOURCE_ROOT; };
		21A26BE01C4901AB008BD825 /* table_view.h */ = {isa = PBXFileReference; fileEncoding = 4; lastKnownFileType = sourcecode.c.h; name = table_view.h; path = sources/table_view.h; sourceTree = SOURCE_ROOT; };
		21D06B841C62033000D2DCE9 /* grouped_buttons.cpp */ = {isa = PBXFileReference; fileEncoding = 4; lastKnownFileType = sourcecode.cpp.cpp; name = grouped_buttons.cpp; path = sources/grouped_buttons.cpp; sourceTree = SOURCE_ROOT; };
		21D06B851C62033000D2DCE9 /* grouped_buttons.h */ = {isa = PBXFileReference; fileEncoding = 4; lastKnownFileType = sourcecode.c.h; name = grouped_buttons.h; path = sources/grouped_buttons.h; sourceTree = SOURCE_ROOT; };
		21DA20651C468112008AD536 /* button.cpp */ = {isa = PBXFileReference; fileEncoding = 4; lastKnownFileType = sourcecode.cpp.cpp; name = button.cpp; path = sources/button.cpp; sourceTree = SOURCE_ROOT; };
		21DA20661C468112008AD536 /* button.h */ = {isa = PBXFileReference; fileEncoding = 4; lastKnownFileType = sourcecode.c.h; name = button.h; path = sources/button.h; sourceTree = SOURCE_ROOT; };
		21E2D6F81C75087800BFF2B8 /* tree_view.cpp */ = {isa = PBXFileReference; fileEncoding = 4; lastKnownFileType = sourcecode.cpp.cpp; name = tree_view.cpp; path = sources/tree_view.cpp; sourceTree = SOURCE_ROOT; };
		21E2D6F91C75087800BFF2B8 /* tree_view.h */ = {isa = PBXFileReference; fileEncoding = 4; lastKnownFileType = sourcecode.c.h; name = tree_view.h; path = sources/tree_view.h; sourceTree = SOURCE_ROOT; };
		21E2D6FC1C7508A700BFF2B8 /* tree_view_cell.cpp */ = {isa = PBXFileReference; fileEncoding = 4; lastKnownFileType = sourcecode.cpp.cpp; name = tree_view_cell.cpp; path = sources/tree_view_cell.cpp; sourceTree = SOURCE_ROOT; };
		21E2D6FD1C7508A700BFF2B8 /* tree_view_cell.h */ = {isa = PBXFileReference; fileEncoding = 4; lastKnownFileType = sourcecode.c.h; name = tree_view_cell.h; path = sources/tree_view_cell.h; sourceTree = SOURCE_ROOT; };
		21E2D7011C750A0D00BFF2B8 /* ui_scene_graph_extension.cpp */ = {isa = PBXFileReference; fileEncoding = 4; lastKnownFileType = sourcecode.cpp.cpp; name = ui_scene_graph_extension.cpp; path = sources/ui_scene_graph_extension.cpp; sourceTree = SOURCE_ROOT; };
		21E2D7021C750A0D00BFF2B8 /* ui_scene_graph_extension.h */ = {isa = PBXFileReference; fileEncoding = 4; lastKnownFileType = sourcecode.c.h; name = ui_scene_graph_extension.h; path = sources/ui_scene_graph_extension.h; sourceTree = SOURCE_ROOT; };
		21E33DB51BB9567A00B540E7 /* libgbUI-ios.a */ = {isa = PBXFileReference; explicitFileType = archive.ar; includeInIndex = 0; path = "libgbUI-ios.a"; sourceTree = BUILT_PRODUCTS_DIR; };
		21E33DDF1BB9571900B540E7 /* libgbUI-osx.a */ = {isa = PBXFileReference; explicitFileType = archive.ar; includeInIndex = 0; path = "libgbUI-osx.a"; sourceTree = BUILT_PRODUCTS_DIR; };
		21E33DE71BB969AA00B540E7 /* control.cpp */ = {isa = PBXFileReference; fileEncoding = 4; lastKnownFileType = sourcecode.cpp.cpp; name = control.cpp; path = sources/control.cpp; sourceTree = SOURCE_ROOT; };
		21E33DE81BB969AA00B540E7 /* control.h */ = {isa = PBXFileReference; fileEncoding = 4; lastKnownFileType = sourcecode.c.h; name = control.h; path = sources/control.h; sourceTree = SOURCE_ROOT; };
		21E33DEC1BB9708700B540E7 /* dialog.cpp */ = {isa = PBXFileReference; fileEncoding = 4; lastKnownFileType = sourcecode.cpp.cpp; name = dialog.cpp; path = sources/dialog.cpp; sourceTree = SOURCE_ROOT; };
		21E33DED1BB9708700B540E7 /* dialog.h */ = {isa = PBXFileReference; fileEncoding = 4; lastKnownFileType = sourcecode.c.h; name = dialog.h; path = sources/dialog.h; sourceTree = SOURCE_ROOT; };
		21E33DF21BB9752900B540E7 /* ui_declarations.h */ = {isa = PBXFileReference; lastKnownFileType = sourcecode.c.h; name = ui_declarations.h; path = sources/ui_declarations.h; sourceTree = SOURCE_ROOT; };
		21E33DF51BB9757900B540E7 /* gbCore.xcodeproj */ = {isa = PBXFileReference; lastKnownFileType = "wrapper.pb-project"; name = gbCore.xcodeproj; path = ../gbCore/gbCore.xcodeproj; sourceTree = "<group>"; };
		21EC9B421C65ED6B000736D8 /* switcher.cpp */ = {isa = PBXFileReference; fileEncoding = 4; lastKnownFileType = sourcecode.cpp.cpp; name = switcher.cpp; path = sources/switcher.cpp; sourceTree = SOURCE_ROOT; };
		21EC9B431C65ED6B000736D8 /* switcher.h */ = {isa = PBXFileReference; fileEncoding = 4; lastKnownFileType = sourcecode.c.h; name = switcher.h; path = sources/switcher.h; sourceTree = SOURCE_ROOT; };
		92B5852321539803008AA8BB /* panel.h */ = {isa = PBXFileReference; fileEncoding = 4; lastKnownFileType = sourcecode.c.h; name = panel.h; path = sources/panel.h; sourceTree = SOURCE_ROOT; };
		92B5852521539803008AA8BB /* panel.cpp */ = {isa = PBXFileReference; fileEncoding = 4; lastKnownFileType = sourcecode.cpp.cpp; name = panel.cpp; path = sources/panel.cpp; sourceTree = SOURCE_ROOT; };
		92B5852621539804008AA8BB /* interaction_control.h */ = {isa = PBXFileReference; fileEncoding = 4; lastKnownFileType = sourcecode.c.h; name = interaction_control.h; path = sources/interaction_control.h; sourceTree = SOURCE_ROOT; };
		92B5852721539804008AA8BB /* interaction_control.cpp */ = {isa = PBXFileReference; fileEncoding = 4; lastKnownFileType = sourcecode.cpp.cpp; name = interaction_control.cpp; path = sources/interaction_control.cpp; sourceTree = SOURCE_ROOT; };
		92BAA68A2285753A005C5883 /* image_button.cpp */ = {isa = PBXFileReference; lastKnownFileType = sourcecode.cpp.cpp; name = image_button.cpp; path = sources/image_button.cpp; sourceTree = SOURCE_ROOT; };
		92BAA68B2285753A005C5883 /* image_button.h */ = {isa = PBXFileReference; lastKnownFileType = sourcecode.c.h; name = image_button.h; path = sources/image_button.h; sourceTree = SOURCE_ROOT; };
		92DB2C7622FF22530025E505 /* color_picker.cpp */ = {isa = PBXFileReference; lastKnownFileType = sourcecode.cpp.cpp; name = color_picker.cpp; path = sources/color_picker.cpp; sourceTree = SOURCE_ROOT; };
		92DB2C7722FF22530025E505 /* color_picker.h */ = {isa = PBXFileReference; lastKnownFileType = sourcecode.c.h; name = color_picker.h; path = sources/color_picker.h; sourceTree = SOURCE_ROOT; };
		92E2400322B123D1005DDD5D /* progress_bar.cpp */ = {isa = PBXFileReference; lastKnownFileType = sourcecode.cpp.cpp; name = progress_bar.cpp; path = sources/progress_bar.cpp; sourceTree = SOURCE_ROOT; };
		92E2400422B123D1005DDD5D /* progress_bar.h */ = {isa = PBXFileReference; lastKnownFileType = sourcecode.c.h; name = progress_bar.h; path = sources/progress_bar.h; sourceTree = SOURCE_ROOT; };
		F3237E981E9E494F00337A9C /* textfield.cpp */ = {isa = PBXFileReference; fileEncoding = 4; lastKnownFileType = sourcecode.cpp.cpp; name = textfield.cpp; path = sources/textfield.cpp; sourceTree = SOURCE_ROOT; };
		F3237E991E9E494F00337A9C /* textfield.h */ = {isa = PBXFileReference; fileEncoding = 4; lastKnownFileType = sourcecode.c.h; name = textfield.h; path = sources/textfield.h; sourceTree = SOURCE_ROOT; };
		F3237EA11E9E4C6100337A9C /* ces_textedit_component.cpp */ = {isa = PBXFileReference; fileEncoding = 4; lastKnownFileType = sourcecode.cpp.cpp; name = ces_textedit_component.cpp; path = sources/ces_textedit_component.cpp; sourceTree = SOURCE_ROOT; };
		F3237EA21E9E4C6100337A9C /* ces_textedit_component.h */ = {isa = PBXFileReference; fileEncoding = 4; lastKnownFileType = sourcecode.c.h; name = ces_textedit_component.h; path = sources/ces_textedit_component.h; sourceTree = SOURCE_ROOT; };
		F3237EA61E9E4C7D00337A9C /* ces_textedit_system.cpp */ = {isa = PBXFileReference; fileEncoding = 4; lastKnownFileType = sourcecode.cpp.cpp; name = ces_textedit_system.cpp; path = sources/ces_textedit_system.cpp; sourceTree = SOURCE_ROOT; };
		F3237EA71E9E4C7D00337A9C /* ces_textedit_system.h */ = {isa = PBXFileReference; fileEncoding = 4; lastKnownFileType = sourcecode.c.h; name = ces_textedit_system.h; path = sources/ces_textedit_system.h; sourceTree = SOURCE_ROOT; };
		F32627031E027F6100383515 /* console.cpp */ = {isa = PBXFileReference; fileEncoding = 4; lastKnownFileType = sourcecode.cpp.cpp; name = console.cpp; path = sources/console.cpp; sourceTree = SOURCE_ROOT; };
		F32627041E027F6100383515 /* console.h */ = {isa = PBXFileReference; fileEncoding = 4; lastKnownFileType = sourcecode.c.h; name = console.h; path = sources/console.h; sourceTree = SOURCE_ROOT; };
		F33BF90C1E69A42F00307DF9 /* fullscreen_joystick.cpp */ = {isa = PBXFileReference; fileEncoding = 4; lastKnownFileType = sourcecode.cpp.cpp; name = fullscreen_joystick.cpp; path = sources/fullscreen_joystick.cpp; sourceTree = SOURCE_ROOT; };
		F33BF90D1E69A42F00307DF9 /* fullscreen_joystick.h */ = {isa = PBXFileReference; fileEncoding = 4; lastKnownFileType = sourcecode.c.h; name = fullscreen_joystick.h; path = sources/fullscreen_joystick.h; sourceTree = SOURCE_ROOT; };
		F36DF1CA1E953BBC00EAE49B /* libgbUI-tvos.a */ = {isa = PBXFileReference; explicitFileType = archive.ar; includeInIndex = 0; path = "libgbUI-tvos.a"; sourceTree = BUILT_PRODUCTS_DIR; };
		F3729BD91DC513CB0025952A /* joystick.cpp */ = {isa = PBXFileReference; fileEncoding = 4; lastKnownFileType = sourcecode.cpp.cpp; name = joystick.cpp; path = sources/joystick.cpp; sourceTree = SOURCE_ROOT; };
		F3729BDA1DC513CB0025952A /* joystick.h */ = {isa = PBXFileReference; fileEncoding = 4; lastKnownFileType = sourcecode.c.h; name = joystick.h; path = sources/joystick.h; sourceTree = SOURCE_ROOT; };
		F39750B41E8E8E520060D07A /* action_console.cpp */ = {isa = PBXFileReference; fileEncoding = 4; lastKnownFileType = sourcecode.cpp.cpp; name = action_console.cpp; path = sources/action_console.cpp; sourceTree = SOURCE_ROOT; };
		F39750B51E8E8E520060D07A /* action_console.h */ = {isa = PBXFileReference; fileEncoding = 4; lastKnownFileType = sourcecode.c.h; name = action_console.h; path = sources/action_console.h; sourceTree = SOURCE_ROOT; };
		F3CB847C1F46DD640045BA1B /* ces_ui_control_component.cpp */ = {isa = PBXFileReference; fileEncoding = 4; lastKnownFileType = sourcecode.cpp.cpp; name = ces_ui_control_component.cpp; path = sources/ces_ui_control_component.cpp; sourceTree = SOURCE_ROOT; };
		F3CB847D1F46DD640045BA1B /* ces_ui_control_component.h */ = {isa = PBXFileReference; fileEncoding = 4; lastKnownFileType = sourcecode.c.h; name = ces_ui_control_component.h; path = sources/ces_ui_control_component.h; sourceTree = SOURCE_ROOT; };
/* End PBXFileReference section */

/* Begin PBXFrameworksBuildPhase section */
		21E33DB21BB9567A00B540E7 /* Frameworks */ = {
			isa = PBXFrameworksBuildPhase;
			buildActionMask = 2147483647;
			files = (
			);
			runOnlyForDeploymentPostprocessing = 0;
		};
		21E33DDA1BB9571900B540E7 /* Frameworks */ = {
			isa = PBXFrameworksBuildPhase;
			buildActionMask = 2147483647;
			files = (
			);
			runOnlyForDeploymentPostprocessing = 0;
		};
		F36DF1C41E953BBC00EAE49B /* Frameworks */ = {
			isa = PBXFrameworksBuildPhase;
			buildActionMask = 2147483647;
			files = (
				F36DF34A1E953CD600EAE49B /* libgbCore-tvos.a in Frameworks */,
			);
			runOnlyForDeploymentPostprocessing = 0;
		};
/* End PBXFrameworksBuildPhase section */

/* Begin PBXGroup section */
		210F2A911BC29D6D00B0809F /* ui managment */ = {
			isa = PBXGroup;
			children = (
				210F2A971BC29E1400B0809F /* ui_fabricator.h */,
				210F2A961BC29E1400B0809F /* ui_fabricator.cpp */,
			);
			name = "ui managment";
			sourceTree = "<group>";
		};
		21E2D7001C7509E600BFF2B8 /* extensions */ = {
			isa = PBXGroup;
			children = (
				21E2D7021C750A0D00BFF2B8 /* ui_scene_graph_extension.h */,
				21E2D7011C750A0D00BFF2B8 /* ui_scene_graph_extension.cpp */,
			);
			name = extensions;
			sourceTree = "<group>";
		};
		21E33DAC1BB9567A00B540E7 = {
			isa = PBXGroup;
			children = (
				21E33DEB1BB969B300B540E7 /* libraries */,
				21E33DB71BB9567A00B540E7 /* sources */,
				21E33DB61BB9567A00B540E7 /* products */,
			);
			sourceTree = "<group>";
		};
		21E33DB61BB9567A00B540E7 /* products */ = {
			isa = PBXGroup;
			children = (
				21E33DB51BB9567A00B540E7 /* libgbUI-ios.a */,
				21E33DDF1BB9571900B540E7 /* libgbUI-osx.a */,
				F36DF1CA1E953BBC00EAE49B /* libgbUI-tvos.a */,
			);
			name = products;
			sourceTree = "<group>";
		};
		21E33DB71BB9567A00B540E7 /* sources */ = {
			isa = PBXGroup;
			children = (
				F3237E9E1E9E4A1700337A9C /* ces managment */,
				21E2D7001C7509E600BFF2B8 /* extensions */,
				210F2A911BC29D6D00B0809F /* ui managment */,
				21E33DF11BB9751400B540E7 /* common */,
				21E33DF41BB9755300B540E7 /* controls */,
				21E33DF31BB9754C00B540E7 /* dialogs */,
			);
			name = sources;
			path = gbUI;
			sourceTree = "<group>";
		};
		21E33DEB1BB969B300B540E7 /* libraries */ = {
			isa = PBXGroup;
			children = (
				21E33DF51BB9757900B540E7 /* gbCore.xcodeproj */,
			);
			name = libraries;
			sourceTree = "<group>";
		};
		21E33DF11BB9751400B540E7 /* common */ = {
			isa = PBXGroup;
			children = (
				21E33DF21BB9752900B540E7 /* ui_declarations.h */,
			);
			name = common;
			sourceTree = "<group>";
		};
		21E33DF31BB9754C00B540E7 /* dialogs */ = {
			isa = PBXGroup;
			children = (
				21E33DED1BB9708700B540E7 /* dialog.h */,
				21E33DEC1BB9708700B540E7 /* dialog.cpp */,
			);
			name = dialogs;
			sourceTree = "<group>";
		};
		21E33DF41BB9755300B540E7 /* controls */ = {
			isa = PBXGroup;
			children = (
				92B5852721539804008AA8BB /* interaction_control.cpp */,
				92B5852621539804008AA8BB /* interaction_control.h */,
				92B5852521539803008AA8BB /* panel.cpp */,
				92B5852321539803008AA8BB /* panel.h */,
				21E33DE81BB969AA00B540E7 /* control.h */,
				21E33DE71BB969AA00B540E7 /* control.cpp */,
				21DA20661C468112008AD536 /* button.h */,
				21DA20651C468112008AD536 /* button.cpp */,
				92BAA68B2285753A005C5883 /* image_button.h */,
				92BAA68A2285753A005C5883 /* image_button.cpp */,
				F3237E991E9E494F00337A9C /* textfield.h */,
				F3237E981E9E494F00337A9C /* textfield.cpp */,
				21D06B851C62033000D2DCE9 /* grouped_buttons.h */,
				21D06B841C62033000D2DCE9 /* grouped_buttons.cpp */,
				21A26BE01C4901AB008BD825 /* table_view.h */,
				21A26BDF1C4901AB008BD825 /* table_view.cpp */,
				2126DBE71C527D19003EBBDA /* table_view_cell.h */,
				2126DBE61C527D19003EBBDA /* table_view_cell.cpp */,
				2126DC791C56512D003EBBDA /* content_tab_list.h */,
				2126DC781C56512D003EBBDA /* content_tab_list.cpp */,
				2126DC7D1C565145003EBBDA /* content_tab_list_cell.h */,
				2126DC7C1C565145003EBBDA /* content_tab_list_cell.cpp */,
				21EC9B431C65ED6B000736D8 /* switcher.h */,
				21EC9B421C65ED6B000736D8 /* switcher.cpp */,
				21E2D6F91C75087800BFF2B8 /* tree_view.h */,
				21E2D6F81C75087800BFF2B8 /* tree_view.cpp */,
				21E2D6FD1C7508A700BFF2B8 /* tree_view_cell.h */,
				21E2D6FC1C7508A700BFF2B8 /* tree_view_cell.cpp */,
				F3729BDA1DC513CB0025952A /* joystick.h */,
				F3729BD91DC513CB0025952A /* joystick.cpp */,
				F33BF90D1E69A42F00307DF9 /* fullscreen_joystick.h */,
				F33BF90C1E69A42F00307DF9 /* fullscreen_joystick.cpp */,
				F32627041E027F6100383515 /* console.h */,
				F32627031E027F6100383515 /* console.cpp */,
				F39750B51E8E8E520060D07A /* action_console.h */,
				F39750B41E8E8E520060D07A /* action_console.cpp */,
				92E2400422B123D1005DDD5D /* progress_bar.h */,
				92E2400322B123D1005DDD5D /* progress_bar.cpp */,
				92DB2C7722FF22530025E505 /* color_picker.h */,
				92DB2C7622FF22530025E505 /* color_picker.cpp */,
			);
			name = controls;
			sourceTree = "<group>";
		};
		21E33DF61BB9757900B540E7 /* Products */ = {
			isa = PBXGroup;
			children = (
				21E33DFB1BB9757900B540E7 /* libgbCore-osx.a */,
				21E33DFD1BB9757900B540E7 /* libgbCore-ios.a */,
				F38C8EF81E573BE300887439 /* libgb_core_osx_nr.a */,
				F36DF1CE1E953BBC00EAE49B /* libgbCore-tvos.a */,
			);
			name = Products;
			sourceTree = "<group>";
		};
		F3237E9E1E9E4A1700337A9C /* ces managment */ = {
			isa = PBXGroup;
			children = (
				F3237EA01E9E4C3300337A9C /* systems */,
				F3237E9F1E9E4C2600337A9C /* components */,
			);
			name = "ces managment";
			sourceTree = "<group>";
		};
		F3237E9F1E9E4C2600337A9C /* components */ = {
			isa = PBXGroup;
			children = (
				F3237EA21E9E4C6100337A9C /* ces_textedit_component.h */,
				F3237EA11E9E4C6100337A9C /* ces_textedit_component.cpp */,
				F3CB847D1F46DD640045BA1B /* ces_ui_control_component.h */,
				F3CB847C1F46DD640045BA1B /* ces_ui_control_component.cpp */,
			);
			name = components;
			sourceTree = "<group>";
		};
		F3237EA01E9E4C3300337A9C /* systems */ = {
			isa = PBXGroup;
			children = (
				F3237EA71E9E4C7D00337A9C /* ces_textedit_system.h */,
				F3237EA61E9E4C7D00337A9C /* ces_textedit_system.cpp */,
			);
			name = systems;
			sourceTree = "<group>";
		};
/* End PBXGroup section */

/* Begin PBXNativeTarget section */
		21E33DB41BB9567A00B540E7 /* gbUI-ios */ = {
			isa = PBXNativeTarget;
			buildConfigurationList = 21E33DC91BB9567A00B540E7 /* Build configuration list for PBXNativeTarget "gbUI-ios" */;
			buildPhases = (
				21E33DB11BB9567A00B540E7 /* Sources */,
				21E33DB21BB9567A00B540E7 /* Frameworks */,
				21E33DB31BB9567A00B540E7 /* CopyFiles */,
			);
			buildRules = (
			);
			dependencies = (
				21E33DFF1BB9758500B540E7 /* PBXTargetDependency */,
			);
			name = "gbUI-ios";
			productName = gbUI;
			productReference = 21E33DB51BB9567A00B540E7 /* libgbUI-ios.a */;
			productType = "com.apple.product-type.library.static";
		};
		21E33DD81BB9571900B540E7 /* gbUI-osx */ = {
			isa = PBXNativeTarget;
			buildConfigurationList = 21E33DDC1BB9571900B540E7 /* Build configuration list for PBXNativeTarget "gbUI-osx" */;
			buildPhases = (
				21E33DD91BB9571900B540E7 /* Sources */,
				21E33DDA1BB9571900B540E7 /* Frameworks */,
				21E33DDB1BB9571900B540E7 /* CopyFiles */,
			);
			buildRules = (
			);
			dependencies = (
				21E33E011BB9758900B540E7 /* PBXTargetDependency */,
			);
			name = "gbUI-osx";
			productName = gbUI;
			productReference = 21E33DDF1BB9571900B540E7 /* libgbUI-osx.a */;
			productType = "com.apple.product-type.library.static";
		};
		F36DF1AF1E953BBC00EAE49B /* gbUI-tvos */ = {
			isa = PBXNativeTarget;
			buildConfigurationList = F36DF1C71E953BBC00EAE49B /* Build configuration list for PBXNativeTarget "gbUI-tvos" */;
			buildPhases = (
				F36DF1B21E953BBC00EAE49B /* Sources */,
				F36DF1C41E953BBC00EAE49B /* Frameworks */,
				F36DF1C61E953BBC00EAE49B /* CopyFiles */,
			);
			buildRules = (
			);
			dependencies = (
				F36DF3491E953CBD00EAE49B /* PBXTargetDependency */,
			);
			name = "gbUI-tvos";
			productName = gbUI;
			productReference = F36DF1CA1E953BBC00EAE49B /* libgbUI-tvos.a */;
			productType = "com.apple.product-type.library.static";
		};
/* End PBXNativeTarget section */

/* Begin PBXProject section */
		21E33DAD1BB9567A00B540E7 /* Project object */ = {
			isa = PBXProject;
			attributes = {
				LastUpgradeCheck = 1020;
				ORGANIZATIONNAME = sergey.sergeev;
				TargetAttributes = {
					21E33DB41BB9567A00B540E7 = {
						CreatedOnToolsVersion = 6.4;
					};
				};
			};
			buildConfigurationList = 21E33DB01BB9567A00B540E7 /* Build configuration list for PBXProject "gbUI" */;
			compatibilityVersion = "Xcode 3.2";
			developmentRegion = en;
			hasScannedForEncodings = 0;
			knownRegions = (
				en,
				Base,
			);
			mainGroup = 21E33DAC1BB9567A00B540E7;
			productRefGroup = 21E33DB61BB9567A00B540E7 /* products */;
			projectDirPath = "";
			projectReferences = (
				{
					ProductGroup = 21E33DF61BB9757900B540E7 /* Products */;
					ProjectRef = 21E33DF51BB9757900B540E7 /* gbCore.xcodeproj */;
				},
			);
			projectRoot = "";
			targets = (
				21E33DD81BB9571900B540E7 /* gbUI-osx */,
				21E33DB41BB9567A00B540E7 /* gbUI-ios */,
				F36DF1AF1E953BBC00EAE49B /* gbUI-tvos */,
			);
		};
/* End PBXProject section */

/* Begin PBXReferenceProxy section */
		21E33DFB1BB9757900B540E7 /* libgbCore-osx.a */ = {
			isa = PBXReferenceProxy;
			fileType = archive.ar;
			path = "libgbCore-osx.a";
			remoteRef = 21E33DFA1BB9757900B540E7 /* PBXContainerItemProxy */;
			sourceTree = BUILT_PRODUCTS_DIR;
		};
		21E33DFD1BB9757900B540E7 /* libgbCore-ios.a */ = {
			isa = PBXReferenceProxy;
			fileType = archive.ar;
			path = "libgbCore-ios.a";
			remoteRef = 21E33DFC1BB9757900B540E7 /* PBXContainerItemProxy */;
			sourceTree = BUILT_PRODUCTS_DIR;
		};
		F36DF1CE1E953BBC00EAE49B /* libgbCore-tvos.a */ = {
			isa = PBXReferenceProxy;
			fileType = archive.ar;
			path = "libgbCore-tvos.a";
			remoteRef = F36DF1CD1E953BBC00EAE49B /* PBXContainerItemProxy */;
			sourceTree = BUILT_PRODUCTS_DIR;
		};
		F38C8EF81E573BE300887439 /* libgb_core_osx_nr.a */ = {
			isa = PBXReferenceProxy;
			fileType = archive.ar;
			path = libgb_core_osx_nr.a;
			remoteRef = F38C8EF71E573BE300887439 /* PBXContainerItemProxy */;
			sourceTree = BUILT_PRODUCTS_DIR;
		};
/* End PBXReferenceProxy section */

/* Begin PBXSourcesBuildPhase section */
		21E33DB11BB9567A00B540E7 /* Sources */ = {
			isa = PBXSourcesBuildPhase;
			buildActionMask = 2147483647;
			files = (
				21DA20921C46A60E008AD536 /* ui_fabricator.cpp in Sources */,
				21A26BE21C4901AC008BD825 /* table_view.cpp in Sources */,
				21E33DE91BB969AA00B540E7 /* control.cpp in Sources */,
				92E2400622B123D1005DDD5D /* progress_bar.cpp in Sources */,
				F3729BDC1DC513CB0025952A /* joystick.cpp in Sources */,
				F3237EA41E9E4C6100337A9C /* ces_textedit_component.cpp in Sources */,
				2126DC7B1C56512D003EBBDA /* content_tab_list.cpp in Sources */,
				F3CB847F1F46DD640045BA1B /* ces_ui_control_component.cpp in Sources */,
				92BAA68D2285753A005C5883 /* image_button.cpp in Sources */,
				2126DBE91C527D19003EBBDA /* table_view_cell.cpp in Sources */,
				F32627061E027F6100383515 /* console.cpp in Sources */,
				F3237E9B1E9E494F00337A9C /* textfield.cpp in Sources */,
				F39750B71E8E8E520060D07A /* action_console.cpp in Sources */,
				21EC9B451C65ED6B000736D8 /* switcher.cpp in Sources */,
				92B5852921539804008AA8BB /* panel.cpp in Sources */,
				21E2D6FB1C75087800BFF2B8 /* tree_view.cpp in Sources */,
				92B5852B21539804008AA8BB /* interaction_control.cpp in Sources */,
				92DB2C7922FF22530025E505 /* color_picker.cpp in Sources */,
				2126DC7F1C565145003EBBDA /* content_tab_list_cell.cpp in Sources */,
				F33BF90F1E69A42F00307DF9 /* fullscreen_joystick.cpp in Sources */,
				21E2D6FF1C7508A700BFF2B8 /* tree_view_cell.cpp in Sources */,
				21E33DEE1BB9708700B540E7 /* dialog.cpp in Sources */,
				21E2D7041C750A0D00BFF2B8 /* ui_scene_graph_extension.cpp in Sources */,
				F3237EA91E9E4C7D00337A9C /* ces_textedit_system.cpp in Sources */,
				21D06B871C62033000D2DCE9 /* grouped_buttons.cpp in Sources */,
				21DA20671C468112008AD536 /* button.cpp in Sources */,
			);
			runOnlyForDeploymentPostprocessing = 0;
		};
		21E33DD91BB9571900B540E7 /* Sources */ = {
			isa = PBXSourcesBuildPhase;
			buildActionMask = 2147483647;
			files = (
				21DA20931C46A60F008AD536 /* ui_fabricator.cpp in Sources */,
				21A26BE11C4901AB008BD825 /* table_view.cpp in Sources */,
				21DA20681C468112008AD536 /* button.cpp in Sources */,
				92E2400522B123D1005DDD5D /* progress_bar.cpp in Sources */,
				F3729BDB1DC513CB0025952A /* joystick.cpp in Sources */,
				F3237EA31E9E4C6100337A9C /* ces_textedit_component.cpp in Sources */,
				2126DC7A1C56512D003EBBDA /* content_tab_list.cpp in Sources */,
				F3CB847E1F46DD640045BA1B /* ces_ui_control_component.cpp in Sources */,
				92BAA68C2285753A005C5883 /* image_button.cpp in Sources */,
				2126DBE81C527D19003EBBDA /* table_view_cell.cpp in Sources */,
				F32627051E027F6100383515 /* console.cpp in Sources */,
				F3237E9A1E9E494F00337A9C /* textfield.cpp in Sources */,
				F39750B61E8E8E520060D07A /* action_console.cpp in Sources */,
				21EC9B441C65ED6B000736D8 /* switcher.cpp in Sources */,
				92B5852821539804008AA8BB /* panel.cpp in Sources */,
				21E2D6FA1C75087800BFF2B8 /* tree_view.cpp in Sources */,
				92B5852A21539804008AA8BB /* interaction_control.cpp in Sources */,
				92DB2C7822FF22530025E505 /* color_picker.cpp in Sources */,
				2126DC7E1C565145003EBBDA /* content_tab_list_cell.cpp in Sources */,
				F33BF90E1E69A42F00307DF9 /* fullscreen_joystick.cpp in Sources */,
				21E2D6FE1C7508A700BFF2B8 /* tree_view_cell.cpp in Sources */,
				21E33DEA1BB969AA00B540E7 /* control.cpp in Sources */,
				21E2D7031C750A0D00BFF2B8 /* ui_scene_graph_extension.cpp in Sources */,
				F3237EA81E9E4C7D00337A9C /* ces_textedit_system.cpp in Sources */,
				21D06B861C62033000D2DCE9 /* grouped_buttons.cpp in Sources */,
				21E33DEF1BB9708700B540E7 /* dialog.cpp in Sources */,
			);
			runOnlyForDeploymentPostprocessing = 0;
		};
		F36DF1B21E953BBC00EAE49B /* Sources */ = {
			isa = PBXSourcesBuildPhase;
			buildActionMask = 2147483647;
			files = (
				F36DF1B31E953BBC00EAE49B /* ui_fabricator.cpp in Sources */,
				F36DF1B41E953BBC00EAE49B /* table_view.cpp in Sources */,
				F36DF1B51E953BBC00EAE49B /* button.cpp in Sources */,
				92E2400722B123D1005DDD5D /* progress_bar.cpp in Sources */,
				F36DF1B61E953BBC00EAE49B /* joystick.cpp in Sources */,
				F3237EA51E9E4C6100337A9C /* ces_textedit_component.cpp in Sources */,
				F36DF1B71E953BBC00EAE49B /* content_tab_list.cpp in Sources */,
				F3CB84801F46DD640045BA1B /* ces_ui_control_component.cpp in Sources */,
				92BAA68E2285753A005C5883 /* image_button.cpp in Sources */,
				F36DF1B81E953BBC00EAE49B /* table_view_cell.cpp in Sources */,
				926F26682269FE54004659CC /* interaction_control.cpp in Sources */,
				F36DF1B91E953BBC00EAE49B /* console.cpp in Sources */,
				F3237E9C1E9E494F00337A9C /* textfield.cpp in Sources */,
				F36DF1BA1E953BBC00EAE49B /* action_console.cpp in Sources */,
				F36DF1BB1E953BBC00EAE49B /* switcher.cpp in Sources */,
				F36DF1BC1E953BBC00EAE49B /* tree_view.cpp in Sources */,
				F36DF1BD1E953BBC00EAE49B /* content_tab_list_cell.cpp in Sources */,
				92DB2C7A22FF22530025E505 /* color_picker.cpp in Sources */,
				F36DF1BE1E953BBC00EAE49B /* fullscreen_joystick.cpp in Sources */,
				F36DF1BF1E953BBC00EAE49B /* tree_view_cell.cpp in Sources */,
				F36DF1C01E953BBC00EAE49B /* control.cpp in Sources */,
				F36DF1C11E953BBC00EAE49B /* ui_scene_graph_extension.cpp in Sources */,
				926F266C2269FE82004659CC /* panel.cpp in Sources */,
				F3237EAA1E9E4C7D00337A9C /* ces_textedit_system.cpp in Sources */,
				F36DF1C21E953BBC00EAE49B /* grouped_buttons.cpp in Sources */,
				F36DF1C31E953BBC00EAE49B /* dialog.cpp in Sources */,
			);
			runOnlyForDeploymentPostprocessing = 0;
		};
/* End PBXSourcesBuildPhase section */

/* Begin PBXTargetDependency section */
		21E33DFF1BB9758500B540E7 /* PBXTargetDependency */ = {
			isa = PBXTargetDependency;
			name = "gbCore-ios";
			targetProxy = 21E33DFE1BB9758500B540E7 /* PBXContainerItemProxy */;
		};
		21E33E011BB9758900B540E7 /* PBXTargetDependency */ = {
			isa = PBXTargetDependency;
			name = "gbCore-osx";
			targetProxy = 21E33E001BB9758900B540E7 /* PBXContainerItemProxy */;
		};
		F36DF3491E953CBD00EAE49B /* PBXTargetDependency */ = {
			isa = PBXTargetDependency;
			name = "gbCore-tv_os";
			targetProxy = F36DF3481E953CBD00EAE49B /* PBXContainerItemProxy */;
		};
/* End PBXTargetDependency section */

/* Begin XCBuildConfiguration section */
		21E33DC71BB9567A00B540E7 /* Debug */ = {
			isa = XCBuildConfiguration;
			buildSettings = {
				ALWAYS_SEARCH_USER_PATHS = NO;
				CLANG_CXX_LANGUAGE_STANDARD = "gnu++0x";
				CLANG_CXX_LIBRARY = "libc++";
				CLANG_ENABLE_MODULES = YES;
				CLANG_ENABLE_OBJC_ARC = YES;
				CLANG_WARN_BLOCK_CAPTURE_AUTORELEASING = YES;
				CLANG_WARN_BOOL_CONVERSION = YES;
				CLANG_WARN_COMMA = YES;
				CLANG_WARN_CONSTANT_CONVERSION = YES;
				CLANG_WARN_DEPRECATED_OBJC_IMPLEMENTATIONS = YES;
				CLANG_WARN_DIRECT_OBJC_ISA_USAGE = YES_ERROR;
				CLANG_WARN_EMPTY_BODY = YES;
				CLANG_WARN_ENUM_CONVERSION = YES;
				CLANG_WARN_INFINITE_RECURSION = YES;
				CLANG_WARN_INT_CONVERSION = YES;
				CLANG_WARN_NON_LITERAL_NULL_CONVERSION = YES;
				CLANG_WARN_OBJC_IMPLICIT_RETAIN_SELF = YES;
				CLANG_WARN_OBJC_LITERAL_CONVERSION = YES;
				CLANG_WARN_OBJC_ROOT_CLASS = YES_ERROR;
				CLANG_WARN_RANGE_LOOP_ANALYSIS = YES;
				CLANG_WARN_STRICT_PROTOTYPES = YES;
				CLANG_WARN_SUSPICIOUS_MOVE = YES;
				CLANG_WARN_UNREACHABLE_CODE = YES;
				CLANG_WARN__DUPLICATE_METHOD_MATCH = YES;
				COPY_PHASE_STRIP = NO;
				DEBUG_INFORMATION_FORMAT = "dwarf-with-dsym";
				ENABLE_STRICT_OBJC_MSGSEND = YES;
				ENABLE_TESTABILITY = YES;
				GCC_C_LANGUAGE_STANDARD = gnu99;
				GCC_DYNAMIC_NO_PIC = NO;
				GCC_NO_COMMON_BLOCKS = YES;
				GCC_OPTIMIZATION_LEVEL = 0;
				GCC_PREPROCESSOR_DEFINITIONS = (
					"DEBUG=1",
					"$(inherited)",
				);
				GCC_SYMBOLS_PRIVATE_EXTERN = NO;
				GCC_WARN_64_TO_32_BIT_CONVERSION = YES;
				GCC_WARN_ABOUT_RETURN_TYPE = YES_ERROR;
				GCC_WARN_UNDECLARED_SELECTOR = YES;
				GCC_WARN_UNINITIALIZED_AUTOS = YES_AGGRESSIVE;
				GCC_WARN_UNUSED_FUNCTION = YES;
				GCC_WARN_UNUSED_VARIABLE = YES;
				IPHONEOS_DEPLOYMENT_TARGET = 8.0;
				MACOSX_DEPLOYMENT_TARGET = 10.10;
				MTL_ENABLE_DEBUG_INFO = YES;
				ONLY_ACTIVE_ARCH = YES;
				SDKROOT = iphoneos;
			};
			name = Debug;
		};
		21E33DC81BB9567A00B540E7 /* Release */ = {
			isa = XCBuildConfiguration;
			buildSettings = {
				ALWAYS_SEARCH_USER_PATHS = NO;
				CLANG_CXX_LANGUAGE_STANDARD = "gnu++0x";
				CLANG_CXX_LIBRARY = "libc++";
				CLANG_ENABLE_MODULES = YES;
				CLANG_ENABLE_OBJC_ARC = YES;
				CLANG_WARN_BLOCK_CAPTURE_AUTORELEASING = YES;
				CLANG_WARN_BOOL_CONVERSION = YES;
				CLANG_WARN_COMMA = YES;
				CLANG_WARN_CONSTANT_CONVERSION = YES;
				CLANG_WARN_DEPRECATED_OBJC_IMPLEMENTATIONS = YES;
				CLANG_WARN_DIRECT_OBJC_ISA_USAGE = YES_ERROR;
				CLANG_WARN_EMPTY_BODY = YES;
				CLANG_WARN_ENUM_CONVERSION = YES;
				CLANG_WARN_INFINITE_RECURSION = YES;
				CLANG_WARN_INT_CONVERSION = YES;
				CLANG_WARN_NON_LITERAL_NULL_CONVERSION = YES;
				CLANG_WARN_OBJC_IMPLICIT_RETAIN_SELF = YES;
				CLANG_WARN_OBJC_LITERAL_CONVERSION = YES;
				CLANG_WARN_OBJC_ROOT_CLASS = YES_ERROR;
				CLANG_WARN_RANGE_LOOP_ANALYSIS = YES;
				CLANG_WARN_STRICT_PROTOTYPES = YES;
				CLANG_WARN_SUSPICIOUS_MOVE = YES;
				CLANG_WARN_UNREACHABLE_CODE = YES;
				CLANG_WARN__DUPLICATE_METHOD_MATCH = YES;
				COPY_PHASE_STRIP = NO;
				DEBUG_INFORMATION_FORMAT = "dwarf-with-dsym";
				ENABLE_NS_ASSERTIONS = NO;
				ENABLE_STRICT_OBJC_MSGSEND = YES;
				GCC_C_LANGUAGE_STANDARD = gnu99;
				GCC_NO_COMMON_BLOCKS = YES;
				GCC_WARN_64_TO_32_BIT_CONVERSION = YES;
				GCC_WARN_ABOUT_RETURN_TYPE = YES_ERROR;
				GCC_WARN_UNDECLARED_SELECTOR = YES;
				GCC_WARN_UNINITIALIZED_AUTOS = YES_AGGRESSIVE;
				GCC_WARN_UNUSED_FUNCTION = YES;
				GCC_WARN_UNUSED_VARIABLE = YES;
				IPHONEOS_DEPLOYMENT_TARGET = 8.0;
				MACOSX_DEPLOYMENT_TARGET = 10.10;
				MTL_ENABLE_DEBUG_INFO = NO;
				SDKROOT = iphoneos;
				VALIDATE_PRODUCT = YES;
			};
			name = Release;
		};
		21E33DCA1BB9567A00B540E7 /* Debug */ = {
			isa = XCBuildConfiguration;
			buildSettings = {
				CLANG_CXX_LANGUAGE_STANDARD = "c++0x";
				GCC_C_LANGUAGE_STANDARD = "compiler-default";
				GCC_ENABLE_CPP_EXCEPTIONS = NO;
				GCC_ENABLE_CPP_RTTI = NO;
				GCC_FAST_MATH = NO;
				GCC_PREPROCESSOR_DEFINITIONS = (
					"$(inherited)",
					"__IOS__=1",
				);
				HEADER_SEARCH_PATHS = (
					"$(inherited)",
					/Applications/Xcode.app/Contents/Developer/Toolchains/XcodeDefault.xctoolchain/usr/include,
					"\"$(SRCROOT)/../gbCore/sources\"",
					"\"$(SRCROOT)/../gbCore/libraries\"",
					"\"$(SRCROOT)/../gbCore/autogenerated\"",
					"\"$(SRCROOT)/../gbSound/sources\"",
				);
				IPHONEOS_DEPLOYMENT_TARGET = 8.0;
				LLVM_LTO = NO;
				OTHER_LDFLAGS = "";
				PRODUCT_NAME = "$(TARGET_NAME)";
				SKIP_INSTALL = YES;
			};
			name = Debug;
		};
		21E33DCB1BB9567A00B540E7 /* Release */ = {
			isa = XCBuildConfiguration;
			buildSettings = {
				CLANG_CXX_LANGUAGE_STANDARD = "c++0x";
				GCC_C_LANGUAGE_STANDARD = "compiler-default";
				GCC_ENABLE_CPP_EXCEPTIONS = NO;
				GCC_ENABLE_CPP_RTTI = NO;
				GCC_FAST_MATH = YES;
				GCC_OPTIMIZATION_LEVEL = s;
				GCC_PREPROCESSOR_DEFINITIONS = "__IOS__=1";
				HEADER_SEARCH_PATHS = (
					"$(inherited)",
					/Applications/Xcode.app/Contents/Developer/Toolchains/XcodeDefault.xctoolchain/usr/include,
					"\"$(SRCROOT)/../gbCore/sources\"",
					"\"$(SRCROOT)/../gbCore/libraries\"",
					"\"$(SRCROOT)/../gbCore/autogenerated\"",
					"\"$(SRCROOT)/../gbSound/sources\"",
				);
				IPHONEOS_DEPLOYMENT_TARGET = 8.0;
				LLVM_LTO = YES_THIN;
				OTHER_LDFLAGS = "";
				PRODUCT_NAME = "$(TARGET_NAME)";
				SKIP_INSTALL = YES;
			};
			name = Release;
		};
		21E33DDD1BB9571900B540E7 /* Debug */ = {
			isa = XCBuildConfiguration;
			buildSettings = {
				CLANG_CXX_LANGUAGE_STANDARD = "c++0x";
				GCC_C_LANGUAGE_STANDARD = "compiler-default";
				GCC_ENABLE_CPP_EXCEPTIONS = NO;
				GCC_ENABLE_CPP_RTTI = NO;
				GCC_PREPROCESSOR_DEFINITIONS = (
					"$(inherited)",
					"__OSX__=1",
				);
				HEADER_SEARCH_PATHS = (
					"$(inherited)",
					/Applications/Xcode.app/Contents/Developer/Toolchains/XcodeDefault.xctoolchain/usr/include,
					"\"$(SRCROOT)/../gbCore/sources\"",
					"\"$(SRCROOT)/../gbCore/libraries\"",
					"\"$(SRCROOT)/../gbCore/autogenerated\"",
					"\"$(SRCROOT)/../gbSound/sources\"",
				);
				OTHER_LDFLAGS = "";
				PRODUCT_NAME = "gbUI-osx";
				SDKROOT = macosx;
				SKIP_INSTALL = YES;
			};
			name = Debug;
		};
		21E33DDE1BB9571900B540E7 /* Release */ = {
			isa = XCBuildConfiguration;
			buildSettings = {
				CLANG_CXX_LANGUAGE_STANDARD = "c++0x";
				GCC_C_LANGUAGE_STANDARD = "compiler-default";
				GCC_ENABLE_CPP_EXCEPTIONS = NO;
				GCC_ENABLE_CPP_RTTI = NO;
				GCC_PREPROCESSOR_DEFINITIONS = "__OSX__=1";
				HEADER_SEARCH_PATHS = (
					"$(inherited)",
					/Applications/Xcode.app/Contents/Developer/Toolchains/XcodeDefault.xctoolchain/usr/include,
					"\"$(SRCROOT)/../gbCore/sources\"",
					"\"$(SRCROOT)/../gbCore/libraries\"",
					"\"$(SRCROOT)/../gbCore/autogenerated\"",
					"\"$(SRCROOT)/../gbSound/sources\"",
				);
				OTHER_LDFLAGS = "";
				PRODUCT_NAME = "gbUI-osx";
				SDKROOT = macosx;
				SKIP_INSTALL = YES;
			};
			name = Release;
		};
		F36DF1C81E953BBC00EAE49B /* Debug */ = {
			isa = XCBuildConfiguration;
			buildSettings = {
				CLANG_CXX_LANGUAGE_STANDARD = "c++14";
				GCC_C_LANGUAGE_STANDARD = "compiler-default";
				GCC_ENABLE_CPP_EXCEPTIONS = NO;
				GCC_ENABLE_CPP_RTTI = NO;
				GCC_PREPROCESSOR_DEFINITIONS = (
					"$(inherited)",
					"DEBUG=1",
					"__TVOS__=1",
				);
				HEADER_SEARCH_PATHS = (
					"$(inherited)",
					/Applications/Xcode.app/Contents/Developer/Toolchains/XcodeDefault.xctoolchain/usr/include,
					"\"$(SRCROOT)/../gbCore/sources\"",
					"\"$(SRCROOT)/../gbCore/libraries\"",
					"\"$(SRCROOT)/../gbCore/autogenerated\"",
					"\"$(SRCROOT)/../gbSound/sources\"",
				);
				OTHER_LDFLAGS = "-ObjC";
				PRODUCT_NAME = "$(TARGET_NAME)";
				SDKROOT = appletvos;
				SKIP_INSTALL = YES;
			};
			name = Debug;
		};
		F36DF1C91E953BBC00EAE49B /* Release */ = {
			isa = XCBuildConfiguration;
			buildSettings = {
				CLANG_CXX_LANGUAGE_STANDARD = "c++14";
				GCC_C_LANGUAGE_STANDARD = "compiler-default";
				GCC_ENABLE_CPP_EXCEPTIONS = NO;
				GCC_ENABLE_CPP_RTTI = NO;
				GCC_PREPROCESSOR_DEFINITIONS = "__TVOS__=1";
				HEADER_SEARCH_PATHS = (
					"$(inherited)",
					/Applications/Xcode.app/Contents/Developer/Toolchains/XcodeDefault.xctoolchain/usr/include,
					"\"$(SRCROOT)/../gbCore/sources\"",
					"\"$(SRCROOT)/../gbCore/libraries\"",
					"\"$(SRCROOT)/../gbCore/autogenerated\"",
					"\"$(SRCROOT)/../gbSound/sources\"",
				);
				OTHER_LDFLAGS = "-ObjC";
				PRODUCT_NAME = "$(TARGET_NAME)";
				SDKROOT = appletvos;
				SKIP_INSTALL = YES;
			};
			name = Release;
		};
/* End XCBuildConfiguration section */

/* Begin XCConfigurationList section */
		21E33DB01BB9567A00B540E7 /* Build configuration list for PBXProject "gbUI" */ = {
			isa = XCConfigurationList;
			buildConfigurations = (
				21E33DC71BB9567A00B540E7 /* Debug */,
				21E33DC81BB9567A00B540E7 /* Release */,
			);
			defaultConfigurationIsVisible = 0;
			defaultConfigurationName = Release;
		};
		21E33DC91BB9567A00B540E7 /* Build configuration list for PBXNativeTarget "gbUI-ios" */ = {
			isa = XCConfigurationList;
			buildConfigurations = (
				21E33DCA1BB9567A00B540E7 /* Debug */,
				21E33DCB1BB9567A00B540E7 /* Release */,
			);
			defaultConfigurationIsVisible = 0;
			defaultConfigurationName = Release;
		};
		21E33DDC1BB9571900B540E7 /* Build configuration list for PBXNativeTarget "gbUI-osx" */ = {
			isa = XCConfigurationList;
			buildConfigurations = (
				21E33DDD1BB9571900B540E7 /* Debug */,
				21E33DDE1BB9571900B540E7 /* Release */,
			);
			defaultConfigurationIsVisible = 0;
			defaultConfigurationName = Release;
		};
		F36DF1C71E953BBC00EAE49B /* Build configuration list for PBXNativeTarget "gbUI-tvos" */ = {
			isa = XCConfigurationList;
			buildConfigurations = (
				F36DF1C81E953BBC00EAE49B /* Debug */,
				F36DF1C91E953BBC00EAE49B /* Release */,
			);
			defaultConfigurationIsVisible = 0;
			defaultConfigurationName = Release;
		};
/* End XCConfigurationList section */
	};
	rootObject = 21E33DAD1BB9567A00B540E7 /* Project object */;
}
