<?xml version="1.0" encoding="utf-8"?>
<Project ToolsVersion="4.0" xmlns="http://schemas.microsoft.com/developer/msbuild/2003">
  <ItemGroup>
    <Filter Include="libraries">
      <UniqueIdentifier>{67DA6AB6-F800-4c08-8B7A-83BB121AAD01}</UniqueIdentifier>
      <Extensions>rc;ico;cur;bmp;dlg;rc2;rct;bin;rgs;gif;jpg;jpeg;jpe;resx;tiff;tif;png;wav;mfcribbon-ms</Extensions>
    </Filter>
    <Filter Include="sources">
      <UniqueIdentifier>{4FC737F1-C7A5-4376-A066-2A32D752A2FF}</UniqueIdentifier>
      <Extensions>cpp;c;cc;cxx;def;odl;idl;hpj;bat;asm;asmx</Extensions>
    </Filter>
    <Filter Include="sources\ces managment">
      <UniqueIdentifier>{a6db2e5c-1014-40ed-b4a6-43d810a1f582}</UniqueIdentifier>
    </Filter>
    <Filter Include="sources\configuration managment">
      <UniqueIdentifier>{8f669375-ebd0-41f3-ab49-478eec2a3471}</UniqueIdentifier>
    </Filter>
    <Filter Include="sources\scene managment">
      <UniqueIdentifier>{f0e505eb-6fa7-4190-ab4b-335731e6853b}</UniqueIdentifier>
    </Filter>
    <Filter Include="sources\resources managment">
      <UniqueIdentifier>{45b0866f-dc3d-4711-832a-d7ef034bf5ca}</UniqueIdentifier>
    </Filter>
    <Filter Include="sources\ces managment\systems">
      <UniqueIdentifier>{42a30635-0f4f-4699-aaab-ae3dd54d1f57}</UniqueIdentifier>
    </Filter>
    <Filter Include="sources\ces managment\components">
      <UniqueIdentifier>{0cde45ae-7b43-4d71-8d8d-38e4dfc39ce6}</UniqueIdentifier>
    </Filter>
    <Filter Include="sources\resources managment\operations">
      <UniqueIdentifier>{f4232b1d-603d-481d-8f22-f81592cc7179}</UniqueIdentifier>
    </Filter>
    <Filter Include="sources\resources managment\resources">
      <UniqueIdentifier>{ba9b4cd8-28c1-4ce7-8d6a-a9dd4c360362}</UniqueIdentifier>
    </Filter>
    <Filter Include="sources\resources managment\operations\serializers">
      <UniqueIdentifier>{4799bd20-9185-4975-857f-d486a30369c7}</UniqueIdentifier>
    </Filter>
    <Filter Include="sources\resources managment\operations\commiters">
      <UniqueIdentifier>{0a1b5cc6-a57a-4f1f-9f01-c88fe281a518}</UniqueIdentifier>
    </Filter>
    <Filter Include="sources\configuration managment\autogenerated">
      <UniqueIdentifier>{cf67095d-2f2d-48d6-b8c5-ba0fa1516be2}</UniqueIdentifier>
    </Filter>
    <Filter Include="sources\tags">
      <UniqueIdentifier>{905e20b2-68d1-4a43-87cf-ee23c68d8db1}</UniqueIdentifier>
    </Filter>
    <Filter Include="sources\core">
      <UniqueIdentifier>{91bf04d5-7b9b-465b-8a5d-f7e222c3ecb8}</UniqueIdentifier>
    </Filter>
    <Filter Include="sources\common">
      <UniqueIdentifier>{3e435b6b-6743-40ac-a324-a202556a4923}</UniqueIdentifier>
    </Filter>
  </ItemGroup>
  <ItemGroup>
    <ClCompile Include="sources\ces_ani_frame_component.cpp">
      <Filter>sources\ces managment\components</Filter>
    </ClCompile>
    <ClCompile Include="sources\ces_ani_timeline_component.cpp">
      <Filter>sources\ces managment\components</Filter>
    </ClCompile>
    <ClCompile Include="sources\ces_ani_animation_system.cpp">
      <Filter>sources\ces managment\systems</Filter>
    </ClCompile>
    <ClCompile Include="sources\animation_commiter_ani.cpp">
      <Filter>sources\resources managment\operations\commiters</Filter>
    </ClCompile>
    <ClCompile Include="sources\animation_serializer_ani.cpp">
      <Filter>sources\resources managment\operations\serializers</Filter>
    </ClCompile>
    <ClCompile Include="sources\animation_loading_operation.cpp">
      <Filter>sources\resources managment\operations</Filter>
    </ClCompile>
    <ClCompile Include="sources\animation.cpp">
      <Filter>sources\resources managment\resources</Filter>
    </ClCompile>
    <ClCompile Include="autogenerated\anim_configuration_accessor.cpp">
      <Filter>sources\configuration managment\autogenerated</Filter>
    </ClCompile>
    <ClCompile Include="autogenerated\animated_sprite_configuration.cpp">
      <Filter>sources\configuration managment\autogenerated</Filter>
    </ClCompile>
    <ClCompile Include="sources\anim_fabricator.cpp">
      <Filter>sources\scene managment</Filter>
    </ClCompile>
    <ClCompile Include="sources\animated_sprite.cpp">
      <Filter>sources\scene managment</Filter>
    </ClCompile>
    <ClCompile Include="sources\ani_tag_parser_animation_frames.cpp">
      <Filter>sources\tags</Filter>
    </ClCompile>
    <ClCompile Include="sources\ani_tag_parser_animation_frames2.cpp">
      <Filter>sources\tags</Filter>
    </ClCompile>
    <ClCompile Include="sources\ani_tag_parser_animation_frames3.cpp">
      <Filter>sources\tags</Filter>
    </ClCompile>
    <ClCompile Include="sources\ani_tag_parser_animation_masks.cpp">
      <Filter>sources\tags</Filter>
    </ClCompile>
    <ClCompile Include="sources\ani_tag_parser_animation_objects.cpp">
      <Filter>sources\tags</Filter>
    </ClCompile>
    <ClCompile Include="sources\ani_tag_parser_atlas.cpp">
      <Filter>sources\tags</Filter>
    </ClCompile>
    <ClCompile Include="sources\ani_tag_parser_atlas3.cpp">
      <Filter>sources\tags</Filter>
    </ClCompile>
    <ClCompile Include="sources\ani_tag_parser_atlas4.cpp">
      <Filter>sources\tags</Filter>
    </ClCompile>
    <ClCompile Include="sources\ani_tag_parser_base.cpp">
      <Filter>sources\tags</Filter>
    </ClCompile>
    <ClCompile Include="sources\ani_tag_parser_external_objects.cpp">
      <Filter>sources\tags</Filter>
    </ClCompile>
    <ClCompile Include="sources\ani_tag_parser_external_objects2.cpp">
      <Filter>sources\tags</Filter>
    </ClCompile>
    <ClCompile Include="sources\ani_tag_parser_named_parts.cpp">
      <Filter>sources\tags</Filter>
    </ClCompile>
    <ClCompile Include="sources\ani_tag_parser_sequences.cpp">
      <Filter>sources\tags</Filter>
    </ClCompile>
    <ClCompile Include="sources\ani_tag_parser_sounds.cpp">
      <Filter>sources\tags</Filter>
    </ClCompile>
    <ClCompile Include="sources\ani_tag_parser_stage.cpp">
      <Filter>sources\tags</Filter>
    </ClCompile>
    <ClCompile Include="sources\ani_tag_parser_textfield.cpp">
      <Filter>sources\tags</Filter>
    </ClCompile>
    <ClCompile Include="sources\ani_tag_parser_timeline.cpp">
      <Filter>sources\tags</Filter>
    </ClCompile>
    <ClCompile Include="sources\ani_tag_parser_timeline2.cpp">
      <Filter>sources\tags</Filter>
    </ClCompile>
    <ClCompile Include="sources\ani_tag_parser_timeline3.cpp">
      <Filter>sources\tags</Filter>
    </ClCompile>
    <ClCompile Include="sources\ani_animation_frame.cpp">
      <Filter>sources\core</Filter>
    </ClCompile>
    <ClCompile Include="sources\ani_animation_sequence.cpp">
      <Filter>sources\core</Filter>
    </ClCompile>
    <ClCompile Include="sources\ani_asset_metadata.cpp">
      <Filter>sources\core</Filter>
    </ClCompile>
    <ClCompile Include="sources\ani_file.cpp">
      <Filter>sources\core</Filter>
    </ClCompile>
    <ClCompile Include="sources\ani_stream.cpp">
      <Filter>sources\core</Filter>
    </ClCompile>
    <ClCompile Include="sources\ani_subobject_state.cpp">
      <Filter>sources\core</Filter>
    </ClCompile>
    <ClCompile Include="sources\ani_texture_atlas.cpp">
      <Filter>sources\core</Filter>
    </ClCompile>
    <ClCompile Include="sources\ani_texture_atlas_element.cpp">
      <Filter>sources\core</Filter>
    </ClCompile>
    <ClCompile Include="sources\ani_timeline.cpp">
      <Filter>sources\core</Filter>
    </ClCompile>
    <ClCompile Include="sources\ani_timeline_action.cpp">
      <Filter>sources\core</Filter>
    </ClCompile>
  </ItemGroup>
  <ItemGroup>
    <ClInclude Include="sources\ces_ani_frame_component.h">
      <Filter>sources\ces managment\components</Filter>
    </ClInclude>
    <ClInclude Include="sources\ces_ani_timeline_component.h">
      <Filter>sources\ces managment\components</Filter>
    </ClInclude>
    <ClInclude Include="sources\ces_ani_animation_system.h">
      <Filter>sources\ces managment\systems</Filter>
    </ClInclude>
    <ClInclude Include="sources\animation_commiter_ani.h">
      <Filter>sources\resources managment\operations\commiters</Filter>
    </ClInclude>
    <ClInclude Include="sources\animation_serializer_ani.h">
      <Filter>sources\resources managment\operations\serializers</Filter>
    </ClInclude>
    <ClInclude Include="sources\animation_loading_operation.h">
      <Filter>sources\resources managment\operations</Filter>
    </ClInclude>
    <ClInclude Include="sources\animation.h">
      <Filter>sources\resources managment\resources</Filter>
    </ClInclude>
    <ClInclude Include="autogenerated\anim_configuration_accessor.h">
      <Filter>sources\configuration managment\autogenerated</Filter>
    </ClInclude>
    <ClInclude Include="autogenerated\animated_sprite_configuration.h">
      <Filter>sources\configuration managment\autogenerated</Filter>
    </ClInclude>
    <ClInclude Include="sources\anim_fabricator.h">
      <Filter>sources\scene managment</Filter>
    </ClInclude>
    <ClInclude Include="sources\animated_sprite.h">
      <Filter>sources\scene managment</Filter>
    </ClInclude>
    <ClInclude Include="sources\ani_tag_parser_animation_frames.h">
      <Filter>sources\tags</Filter>
    </ClInclude>
    <ClInclude Include="sources\ani_tag_parser_animation_frames2.h">
      <Filter>sources\tags</Filter>
    </ClInclude>
    <ClInclude Include="sources\ani_tag_parser_animation_frames3.h">
      <Filter>sources\tags</Filter>
    </ClInclude>
    <ClInclude Include="sources\ani_tag_parser_animation_masks.h">
      <Filter>sources\tags</Filter>
    </ClInclude>
    <ClInclude Include="sources\ani_tag_parser_animation_objects.h">
      <Filter>sources\tags</Filter>
    </ClInclude>
    <ClInclude Include="sources\ani_tag_parser_atlas.h">
      <Filter>sources\tags</Filter>
    </ClInclude>
    <ClInclude Include="sources\ani_tag_parser_atlas3.h">
      <Filter>sources\tags</Filter>
    </ClInclude>
    <ClInclude Include="sources\ani_tag_parser_atlas4.h">
      <Filter>sources\tags</Filter>
    </ClInclude>
    <ClInclude Include="sources\ani_tag_parser_base.h">
      <Filter>sources\tags</Filter>
    </ClInclude>
    <ClInclude Include="sources\ani_tag_parser_external_objects.h">
      <Filter>sources\tags</Filter>
    </ClInclude>
    <ClInclude Include="sources\ani_tag_parser_external_objects2.h">
      <Filter>sources\tags</Filter>
    </ClInclude>
    <ClInclude Include="sources\ani_tag_parser_named_parts.h">
      <Filter>sources\tags</Filter>
    </ClInclude>
    <ClInclude Include="sources\ani_tag_parser_sequences.h">
      <Filter>sources\tags</Filter>
    </ClInclude>
    <ClInclude Include="sources\ani_tag_parser_sounds.h">
      <Filter>sources\tags</Filter>
    </ClInclude>
    <ClInclude Include="sources\ani_tag_parser_stage.h">
      <Filter>sources\tags</Filter>
    </ClInclude>
    <ClInclude Include="sources\ani_tag_parser_textfield.h">
      <Filter>sources\tags</Filter>
    </ClInclude>
    <ClInclude Include="sources\ani_tag_parser_timeline.h">
      <Filter>sources\tags</Filter>
    </ClInclude>
    <ClInclude Include="sources\ani_tag_parser_timeline2.h">
      <Filter>sources\tags</Filter>
    </ClInclude>
    <ClInclude Include="sources\ani_tag_parser_timeline3.h">
      <Filter>sources\tags</Filter>
    </ClInclude>
    <ClInclude Include="sources\ani_animation_frame.h">
      <Filter>sources\core</Filter>
    </ClInclude>
    <ClInclude Include="sources\ani_animation_sequence.h">
      <Filter>sources\core</Filter>
    </ClInclude>
    <ClInclude Include="sources\ani_asset_metadata.h">
      <Filter>sources\core</Filter>
    </ClInclude>
    <ClInclude Include="sources\ani_collections.h">
      <Filter>sources\core</Filter>
    </ClInclude>
    <ClInclude Include="sources\ani_file.h">
      <Filter>sources\core</Filter>
    </ClInclude>
    <ClInclude Include="sources\ani_header.h">
      <Filter>sources\core</Filter>
    </ClInclude>
    <ClInclude Include="sources\ani_resource_metadata.h">
      <Filter>sources\core</Filter>
    </ClInclude>
    <ClInclude Include="sources\ani_stream.h">
      <Filter>sources\core</Filter>
    </ClInclude>
    <ClInclude Include="sources\ani_subobject_state.h">
      <Filter>sources\core</Filter>
    </ClInclude>
    <ClInclude Include="sources\ani_texture_atlas.h">
      <Filter>sources\core</Filter>
    </ClInclude>
    <ClInclude Include="sources\ani_texture_atlas_element.h">
      <Filter>sources\core</Filter>
    </ClInclude>
    <ClInclude Include="sources\ani_timeline.h">
      <Filter>sources\core</Filter>
    </ClInclude>
    <ClInclude Include="sources\ani_timeline_action.h">
      <Filter>sources\core</Filter>
    </ClInclude>
    <ClInclude Include="sources\tags_defines.h">
      <Filter>sources\tags</Filter>
    </ClInclude>
    <ClInclude Include="sources\ani_declarations.h">
      <Filter>sources\common</Filter>
    </ClInclude>
  </ItemGroup>
</Project>